
Microsoft Visual Studio Solution File, Format Version 12.00
# Visual Studio Version 16
VisualStudioVersion = 16.0.30907.101
MinimumVisualStudioVersion = 10.0.40219.1
Project("{888888A0-9F3D-457C-B088-3A5042F75D52}") = "PythonApplication", "PythonApplication\PythonApplication.pyproj", "{01162DBE-259D-40E3-B2C3-56E82B56C3DA}"
EndProject
Global
	GlobalSection(SolutionConfigurationPlatforms) = preSolution
		Debug|Any CPU = Debug|Any CPU
		Release|Any CPU = Release|Any CPU
	EndGlobalSection
	GlobalSection(ProjectConfigurationPlatforms) = postSolution
		{01162DBE-259D-40E3-B2C3-56E82B56C3DA}.Debug|Any CPU.ActiveCfg = Debug|Any CPU
		{01162DBE-259D-40E3-B2C3-56E82B56C3DA}.Release|Any CPU.ActiveCfg = Release|Any CPU
	EndGlobalSection
	GlobalSection(SolutionProperties) = preSolution
		HideSolutionNode = FALSE
	EndGlobalSection
	GlobalSection(ExtensibilityGlobals) = postSolution
		SolutionGuid = {8F2489B6-EB55-4B3E-906C-BBDA6DD2C1D4}
	EndGlobalSection
EndGlobal
