
Microsoft Visual Studio Solution File, Format Version 12.00
# Visual Studio Version 17
VisualStudioVersion = 17.5.33502.453
MinimumVisualStudioVersion = 10.0.40219.1
Project("{FAE04EC0-301F-11D3-BF4B-00C04F79EFBC}") = "blur图像模糊（均值滤波）", "blur图像模糊(均值滤波)\blur图像模糊（均值滤波）.csproj", "{FA2BB14A-66D7-44C2-A111-796F4650FE82}"
EndProject
Project("{FAE04EC0-301F-11D3-BF4B-00C04F79EFBC}") = "BRIEF描述符", "BRIEF描述符\BRIEF描述符.csproj", "{5991DF13-4B52-49D2-A821-00C087DDE427}"
EndProject
Project("{FAE04EC0-301F-11D3-BF4B-00C04F79EFBC}") = "canny边缘检测", "canny边缘检测\canny边缘检测.csproj", "{11C038DF-9B52-4F17-B208-196F716BD81E}"
EndProject
Project("{FAE04EC0-301F-11D3-BF4B-00C04F79EFBC}") = "CLAHE有限对比适应性直方图均衡化", "CLAHE有限对比适应性直方图均衡化\CLAHE有限对比适应性直方图均衡化.csproj", "{1D261BA9-360C-499C-94A2-14389928E66A}"
EndProject
Project("{FAE04EC0-301F-11D3-BF4B-00C04F79EFBC}") = "cornerHarris角点检测", "cornerHarris角点检测\cornerHarris角点检测.csproj", "{73D58785-DFA6-42D8-A358-3EB45842B4D8}"
EndProject
Project("{FAE04EC0-301F-11D3-BF4B-00C04F79EFBC}") = "cornerHarris角点检测综合示例", "cornerHarris角点检测综合示例\cornerHarris角点检测综合示例.csproj", "{F11BE12B-5E99-4BB8-94F9-0553D8E98BE0}"
EndProject
Project("{FAE04EC0-301F-11D3-BF4B-00C04F79EFBC}") = "draw最大的轮廓", "draw最大的轮廓\draw最大的轮廓.csproj", "{4B21FE96-F0B1-4C98-951A-B4621B2D0C56}"
EndProject
Project("{FAE04EC0-301F-11D3-BF4B-00C04F79EFBC}") = "FLANN结合SURF-SIFT进行关键点的描述和匹配", "FLANN结合SURF-SIFT进行关键点的描述和匹配\FLANN结合SURF-SIFT进行关键点的描述和匹配.csproj", "{CD27F6F9-5002-40AD-8DD5-86390CDC3A7B}"
EndProject
Project("{FAE04EC0-301F-11D3-BF4B-00C04F79EFBC}") = "H-S二维直方图的绘制 2D直方图", "H-S二维直方图的绘制 2D直方图\H-S二维直方图的绘制 2D直方图.csproj", "{9AE3BD9E-1BA5-4FD0-86A0-DF4C022320DA}"
EndProject
Project("{FAE04EC0-301F-11D3-BF4B-00C04F79EFBC}") = "Laplacian图像变换（拉普拉斯算子）", "Laplacian图像变换（拉普拉斯算子）\Laplacian图像变换（拉普拉斯算子）.csproj", "{F2AF3A26-4D1A-48E0-B34A-AE584ACFDEC1}"
EndProject
Project("{FAE04EC0-301F-11D3-BF4B-00C04F79EFBC}") = "LSD快速直线检测", "LSD快速直线检测\LSD快速直线检测.csproj", "{6F441C52-9ECF-4042-A9A5-62DFE4FC6F5B}"
EndProject
Project("{FAE04EC0-301F-11D3-BF4B-00C04F79EFBC}") = "LUT 图像灰度调整", "LUT 图像灰度调整\LUT 图像灰度调整.csproj", "{62DC1956-65C0-44BC-A6FD-DEB02F87E12F}"
EndProject
Project("{FAE04EC0-301F-11D3-BF4B-00C04F79EFBC}") = "ORB", "ORB\ORB.csproj", "{55881900-14D5-4775-97B2-6B244FC0D044}"
EndProject
Project("{FAE04EC0-301F-11D3-BF4B-00C04F79EFBC}") = "ORB算法描述与匹配", "ORB算法描述与匹配\ORB算法描述与匹配.csproj", "{DC2865D3-5E6F-4847-BBAC-9B0CF860D887}"
EndProject
Project("{FAE04EC0-301F-11D3-BF4B-00C04F79EFBC}") = "remap实现多种重映射", "remap实现多种重映射\remap实现多种重映射.csproj", "{16A220EE-B344-433E-8B9F-46278B30C77A}"
EndProject
Project("{FAE04EC0-301F-11D3-BF4B-00C04F79EFBC}") = "remap重映射", "remap重映射\remap重映射.csproj", "{2769B22D-C61C-4E80-8A9E-308134A3E2AF}"
EndProject
Project("{FAE04EC0-301F-11D3-BF4B-00C04F79EFBC}") = "RGB三色直方图的绘制", "RGB三色直方图的绘制\RGB三色直方图的绘制.csproj", "{754B3AD9-C6E0-4E3A-B038-BDA002653032}"
EndProject
Project("{FAE04EC0-301F-11D3-BF4B-00C04F79EFBC}") = "ROI矩形截取", "ROI矩形截取\ROI矩形截取.csproj", "{96E496D3-4030-4D72-9114-93D1DC5F8A14}"
EndProject
Project("{FAE04EC0-301F-11D3-BF4B-00C04F79EFBC}") = "Scharr滤波器", "Scharr滤波器\Scharr滤波器.csproj", "{9B444D4C-C26C-43F7-B25F-5E507FF4CC98}"
EndProject
Project("{FAE04EC0-301F-11D3-BF4B-00C04F79EFBC}") = "Shi-Tomasi角点检测", "Shi-Tomasi角点检测\Shi-Tomasi角点检测.csproj", "{47A842C3-5F4A-42B8-BEF9-D298460740EF}"
EndProject
Project("{FAE04EC0-301F-11D3-BF4B-00C04F79EFBC}") = "sobel边缘检测", "sobel边缘检测\sobel边缘检测.csproj", "{8B64E7EF-3363-4CE8-9540-6129AB7F104A}"
EndProject
Project("{FAE04EC0-301F-11D3-BF4B-00C04F79EFBC}") = "stitching 全景拼接", "stitching 全景拼接\stitching 全景拼接.csproj", "{1F954439-5696-49A0-8958-3056C439E7D9}"
EndProject
Project("{FAE04EC0-301F-11D3-BF4B-00C04F79EFBC}") = "SURF-SIFT特征点检测", "SURF-SIFT特征点检测\SURF-SIFT特征点检测.csproj", "{AE27A475-BB52-4E1E-B3C3-1DFF3EA9AD59}"
EndProject
Project("{FAE04EC0-301F-11D3-BF4B-00C04F79EFBC}") = "SURF-SIFT特征描述", "SURF-SIFT特征描述\SURF-SIFT特征描述.csproj", "{4C2C8FD5-89D9-48FF-A6E6-59F0A15919F8}"
EndProject
Project("{FAE04EC0-301F-11D3-BF4B-00C04F79EFBC}") = "warpPerspective透视变换", "warpPerspective透视变换\warpPerspective透视变换.csproj", "{593DA70D-E31B-40BB-B0DE-67624B63E184}"
EndProject
Project("{FAE04EC0-301F-11D3-BF4B-00C04F79EFBC}") = "XML和YAML文件的读取", "XML和YAML文件的读取\XML和YAML文件的读取.csproj", "{ED93EAB6-B0BA-48C8-AAAD-8CBB4C0CE822}"
EndProject
Project("{FAE04EC0-301F-11D3-BF4B-00C04F79EFBC}") = "XML和YAML文件的写入", "XML和YAML文件的写入\XML和YAML文件的写入.csproj", "{FF314FCD-15C9-431A-B8A7-9EE850C0DB19}"
EndProject
Project("{FAE04EC0-301F-11D3-BF4B-00C04F79EFBC}") = "把鼠标当画笔", "把鼠标当画笔\把鼠标当画笔.csproj", "{D6792F6B-CB66-41E7-AEAF-DD737ADD5F36}"
EndProject
Project("{FAE04EC0-301F-11D3-BF4B-00C04F79EFBC}") = "斑点检测", "斑点检测\斑点检测.csproj", "{FDA3920F-9E3B-4578-BC5C-47B401CC028F}"
EndProject
Project("{FAE04EC0-301F-11D3-BF4B-00C04F79EFBC}") = "彩色目标追踪", "彩色目标追踪\彩色目标追踪.csproj", "{A10E860D-16C9-4276-B4A9-4C250144B84D}"
EndProject
Project("{FAE04EC0-301F-11D3-BF4B-00C04F79EFBC}") = "查找和绘制图片轮廓矩", "查找和绘制图片轮廓矩\查找和绘制图片轮廓矩.csproj", "{83854C22-C3A4-47F8-9E4A-BF8C9628CAB5}"
EndProject
Project("{FAE04EC0-301F-11D3-BF4B-00C04F79EFBC}") = "程序性能检测及优化", "程序性能检测及优化\程序性能检测及优化.csproj", "{905D0654-E929-47B9-AB4F-351938AB68BF}"
EndProject
Project("{FAE04EC0-301F-11D3-BF4B-00C04F79EFBC}") = "创建包围轮廓的矩形边界", "创建包围轮廓的矩形边界\创建包围轮廓的矩形边界.csproj", "{32682E14-41E5-4B70-97D4-5F6EB8729AD9}"
EndProject
Project("{FAE04EC0-301F-11D3-BF4B-00C04F79EFBC}") = "创建包围轮廓的圆形边", "创建包围轮廓的圆形边\创建包围轮廓的圆形边.csproj", "{4AB23DCE-B6A7-4B1B-9568-191FDC6E779D}"
EndProject
Project("{FAE04EC0-301F-11D3-BF4B-00C04F79EFBC}") = "创建画布", "创建画布\创建画布.csproj", "{1E1E0C93-FB2C-4519-AEE9-55416A07D95A}"
EndProject
Project("{FAE04EC0-301F-11D3-BF4B-00C04F79EFBC}") = "打开一张图片", "打开一张图片\打开一张图片.csproj", "{C07B1FCA-704F-4792-8ABB-D2D632862EB8}"
EndProject
Project("{FAE04EC0-301F-11D3-BF4B-00C04F79EFBC}") = "点到多边形的最短距离", "点到多边形的最短距离\点到多边形的最短距离.csproj", "{A2DD4F53-A736-45FB-9A6A-DF7751C7387A}"
EndProject
Project("{FAE04EC0-301F-11D3-BF4B-00C04F79EFBC}") = "点追踪", "点追踪\点追踪.csproj", "{AF55502C-E8D0-43CD-B6A8-04E03ED298B2}"
EndProject
Project("{FAE04EC0-301F-11D3-BF4B-00C04F79EFBC}") = "多对象模板匹配", "多对象模板匹配\多对象模板匹配.csproj", "{0132C5A7-97E3-43B8-B096-B601E852E6D5}"
EndProject
Project("{FAE04EC0-301F-11D3-BF4B-00C04F79EFBC}") = "多通道图像混合", "多通道图像混合\多通道图像混合.csproj", "{D595A141-ACF4-4E35-A56B-877FA5155996}"
EndProject
Project("{FAE04EC0-301F-11D3-BF4B-00C04F79EFBC}") = "仿射变换综合示例", "仿射变换综合示例\仿射变换综合示例.csproj", "{26CF3A71-A981-48D5-8C8F-56BA814B007B}"
EndProject
Project("{FAE04EC0-301F-11D3-BF4B-00C04F79EFBC}") = "分水岭算法", "分水岭算法\分水岭算法.csproj", "{F9BAC01F-FD07-4B0F-82D5-E5B5C5EEDC62}"
EndProject
Project("{FAE04EC0-301F-11D3-BF4B-00C04F79EFBC}") = "环境亮度检测", "环境亮度检测\环境亮度检测.csproj", "{36740AAD-9DAC-4A57-8AB1-BD6635F7A194}"
EndProject
Project("{FAE04EC0-301F-11D3-BF4B-00C04F79EFBC}") = "绘图函数", "绘图函数\绘图函数.csproj", "{31CB4B60-9028-4BF1-BF92-9445E4D79CA7}"
EndProject
Project("{FAE04EC0-301F-11D3-BF4B-00C04F79EFBC}") = "霍夫变换HoughCircles边缘检测与线性矢量", "霍夫变换HoughCircles边缘检测与线性矢量\霍夫变换HoughCircles边缘检测与线性矢量.csproj", "{AB87B8AE-ED9E-4EE8-8DFE-75A0934CA969}"
EndProject
Project("{FAE04EC0-301F-11D3-BF4B-00C04F79EFBC}") = "霍夫变换HoughLinesP边缘检测与线性矢量", "霍夫变换HoughLinesP边缘检测与线性矢量\霍夫变换HoughLinesP边缘检测与线性矢量.csproj", "{8CD3930D-B539-4F1A-916E-42D5D7196B45}"
EndProject
Project("{FAE04EC0-301F-11D3-BF4B-00C04F79EFBC}") = "霍夫变换HoughLines边缘检测与线性矢量", "霍夫变换HoughLines边缘检测与线性矢量\霍夫变换HoughLines边缘检测与线性矢量.csproj", "{299705AE-185E-477B-AD17-359AA038163D}"
EndProject
Project("{FAE04EC0-301F-11D3-BF4B-00C04F79EFBC}") = "基础轮廓查找", "基础轮廓查找\基础轮廓查找.csproj", "{EFC9B8D0-E4BA-4EC8-9460-10FDD41F3AAE}"
EndProject
Project("{FAE04EC0-301F-11D3-BF4B-00C04F79EFBC}") = "几何变换", "几何变换\几何变换.csproj", "{897EF12C-0488-491A-B0AB-72A277EF155A}"
EndProject
Project("{FAE04EC0-301F-11D3-BF4B-00C04F79EFBC}") = "角点检测的FAST算法（FAST特征检测器）", "角点检测的FAST算法（FAST特征检测器）\角点检测的FAST算法（FAST特征检测器）.csproj", "{DED74332-60E9-4CFB-A621-64F4AB76D07C}"
EndProject
Project("{FAE04EC0-301F-11D3-BF4B-00C04F79EFBC}") = "离散傅里叶变换", "离散傅里叶变换\离散傅里叶变换.csproj", "{275D2BEE-5B54-4326-A6F7-DAA9D5A96E96}"
EndProject
Project("{FAE04EC0-301F-11D3-BF4B-00C04F79EFBC}") = "利用imwrite生成透明png图像", "利用imwrite生成透明png图像\利用imwrite生成透明png图像.csproj", "{EDAA8D5A-EDB5-4064-8AFA-6BF37927795B}"
EndProject
Project("{FAE04EC0-301F-11D3-BF4B-00C04F79EFBC}") = "两种非线性滤波", "两种非线性滤波\两种非线性滤波.csproj", "{7206BC1B-B519-426D-AB74-F8DFB8C6C2AC}"
EndProject
Project("{FAE04EC0-301F-11D3-BF4B-00C04F79EFBC}") = "轮廓的性质", "轮廓的性质\轮廓的性质.csproj", "{BF60E561-9A0C-4ED5-9174-C95D2FABEAD0}"
EndProject
Project("{FAE04EC0-301F-11D3-BF4B-00C04F79EFBC}") = "模板匹配", "模板匹配\模板匹配.csproj", "{58D3F2BB-AB3A-4BA1-A9F9-AFC155A20535}"
EndProject
Project("{FAE04EC0-301F-11D3-BF4B-00C04F79EFBC}") = "目标查找与跟踪 - Meanshift与CamShift", "目标查找与跟踪 - Meanshift与CamShift\目标查找与跟踪 - Meanshift与CamShift.csproj", "{6B937A02-866B-4965-B635-3D3E6B2F778A}"
EndProject
Project("{FAE04EC0-301F-11D3-BF4B-00C04F79EFBC}") = "七种图像处理形态学（二）", "七种图像处理形态学（二）\七种图像处理形态学（二）.csproj", "{20212AE5-E7A0-4C01-8BF3-AC0E2B525AE9}"
EndProject
Project("{FAE04EC0-301F-11D3-BF4B-00C04F79EFBC}") = "七种图像处理形态学（一）", "七种图像处理形态学（一）\七种图像处理形态学（一）.csproj", "{0392D2EB-1F25-4113-B4DF-737810282A4D}"
EndProject
Project("{FAE04EC0-301F-11D3-BF4B-00C04F79EFBC}") = "人脸识别", "人脸识别\人脸识别.csproj", "{3A97E5C2-1A22-4141-A026-2F926321DFC8}"
EndProject
Project("{FAE04EC0-301F-11D3-BF4B-00C04F79EFBC}") = "三种线性滤波", "三种线性滤波\三种线性滤波.csproj", "{D952F0BD-27F5-4AD4-A936-386EEB9D1AB7}"
EndProject
Project("{FAE04EC0-301F-11D3-BF4B-00C04F79EFBC}") = "摄像头录像与播放", "摄像头录像与播放\摄像头录像与播放.csproj", "{33A629C4-094B-4018-B1B0-023472CC567D}"
EndProject
Project("{FAE04EC0-301F-11D3-BF4B-00C04F79EFBC}") = "使用FLANN进行特征点匹配", "使用FLANN进行特征点匹配\使用FLANN进行特征点匹配.csproj", "{EDEA47F1-238E-4BB2-B2B4-44B61A7A8735}"
EndProject
Project("{FAE04EC0-301F-11D3-BF4B-00C04F79EFBC}") = "使用GrabCut算法进行交互式前景提取", "使用GrabCut算法进行交互式前景提取\使用GrabCut算法进行交互式前景提取.csproj", "{33EF3DD5-2F20-4B57-A191-971EB511DC52}"
EndProject
Project("{FAE04EC0-301F-11D3-BF4B-00C04F79EFBC}") = "使用掩膜绘制直方图", "使用掩膜绘制直方图\使用掩膜绘制直方图.csproj", "{14031A88-C880-4A56-9253-C5CB73472D69}"
EndProject
Project("{FAE04EC0-301F-11D3-BF4B-00C04F79EFBC}") = "视频播放", "视频播放\视频播放.csproj", "{D1DC7F5E-A38B-4D70-BBA6-2BD766017955}"
EndProject
Project("{FAE04EC0-301F-11D3-BF4B-00C04F79EFBC}") = "鼠标绘制矩形", "鼠标绘制矩形\鼠标绘制矩形.csproj", "{B206C908-DB5F-40E7-818F-036288DCDA91}"
EndProject
Project("{FAE04EC0-301F-11D3-BF4B-00C04F79EFBC}") = "双目摄像头与图像拼接", "双目摄像头与图像拼接\双目摄像头与图像拼接.csproj", "{12703FA5-B22C-4905-8F6A-24B5D9CB68AB}"
EndProject
Project("{FAE04EC0-301F-11D3-BF4B-00C04F79EFBC}") = "双摄像头操作与图像相似度检测", "双摄像头操作与图像相似度检测\双摄像头操作与图像相似度检测.csproj", "{63185927-C5C7-459F-9618-821CD095D499}"
EndProject
Project("{FAE04EC0-301F-11D3-BF4B-00C04F79EFBC}") = "凸缺陷凸包检测", "凸缺陷凸包检测\凸缺陷凸包检测.csproj", "{611B7FF0-B96C-4CC1-8257-06F1D6017309}"
EndProject
Project("{FAE04EC0-301F-11D3-BF4B-00C04F79EFBC}") = "图像打开、混合显示和输出", "图像打开、混合显示和输出\图像打开、混合显示和输出.csproj", "{E7D3F685-5952-45F5-8455-844E730184C0}"
EndProject
Project("{FAE04EC0-301F-11D3-BF4B-00C04F79EFBC}") = "图像的基础操作", "图像的基础操作\图像的基础操作.csproj", "{111E5FF0-57A8-47F3-904C-D4F2008AE8E9}"
EndProject
Project("{FAE04EC0-301F-11D3-BF4B-00C04F79EFBC}") = "图像的亮度、对比度调整", "图像的亮度、对比度调整\图像的亮度、对比度调整.csproj", "{BF260D6B-E7CA-4084-A900-B7A8B903A3B9}"
EndProject
Project("{FAE04EC0-301F-11D3-BF4B-00C04F79EFBC}") = "图像腐蚀", "图像腐蚀\图像腐蚀.csproj", "{5A1E2A53-4275-4ACD-97AE-C12A44DC84F1}"
EndProject
Project("{FAE04EC0-301F-11D3-BF4B-00C04F79EFBC}") = "图像上的算术运算", "图像上的算术运算\图像上的算术运算.csproj", "{C0A7777F-DDDB-4DFC-B6D8-2B6467A789E0}"
EndProject
Project("{FAE04EC0-301F-11D3-BF4B-00C04F79EFBC}") = "图像缩放与图像金字塔", "图像缩放与图像金字塔\图像缩放与图像金字塔.csproj", "{9E1BEA37-D516-4782-9D8F-F50DE053FB89}"
EndProject
Project("{FAE04EC0-301F-11D3-BF4B-00C04F79EFBC}") = "图像修补", "图像修补\图像修补.csproj", "{E133CF8F-B500-4053-853B-33938C25C274}"
EndProject
Project("{FAE04EC0-301F-11D3-BF4B-00C04F79EFBC}") = "椭圆拟合与直线拟合", "椭圆拟合与直线拟合\椭圆拟合与直线拟合.csproj", "{AF01534B-9A70-4CE6-B317-1C41C99DC67A}"
EndProject
Project("{FAE04EC0-301F-11D3-BF4B-00C04F79EFBC}") = "向量延长线上的像素扫描", "向量延长线上的像素扫描\向量延长线上的像素扫描.csproj", "{D0C2D773-A534-476D-8A74-17F40A790206}"
EndProject
Project("{FAE04EC0-301F-11D3-BF4B-00C04F79EFBC}") = "形状匹配", "形状匹配\形状匹配.csproj", "{DB2667CD-C228-4538-9CC5-CED933FCBA6F}"
EndProject
Project("{FAE04EC0-301F-11D3-BF4B-00C04F79EFBC}") = "寻找已知物体（二）", "寻找已知物体（二）\寻找已知物体（二）.csproj", "{4D491BA4-2EE1-4D6E-AFDE-17FDCBFED9BF}"
EndProject
Project("{FAE04EC0-301F-11D3-BF4B-00C04F79EFBC}") = "寻找已知物体（一）", "寻找已知物体（一）\寻找已知物体（一）.csproj", "{C7DCFB99-6754-46B0-A8B7-F3B55E9126A4}"
EndProject
Project("{FAE04EC0-301F-11D3-BF4B-00C04F79EFBC}") = "颜色空间转换与物体追踪", "颜色空间转换与物体追踪\颜色空间转换与物体追踪.csproj", "{17EF5E2D-70CF-45C9-A9F2-22BB39990FD8}"
EndProject
Project("{FAE04EC0-301F-11D3-BF4B-00C04F79EFBC}") = "颜色识别", "颜色识别\颜色识别.csproj", "{ED4CBBD6-4818-4E95-8B28-18F5A0D7971B}"
EndProject
Project("{FAE04EC0-301F-11D3-BF4B-00C04F79EFBC}") = "一维直方图的绘制", "一维直方图的绘制\一维直方图的绘制.csproj", "{CC256B86-C86C-4349-A9D7-708D02C5B845}"
EndProject
Project("{FAE04EC0-301F-11D3-BF4B-00C04F79EFBC}") = "用OpenCV进行基本绘图", "用OpenCV进行基本绘图\用OpenCV进行基本绘图.csproj", "{708B5556-6AC2-4392-87B2-50134F9D614F}"
EndProject
Project("{FAE04EC0-301F-11D3-BF4B-00C04F79EFBC}") = "光流法运动目标检测", "用光流法进行运动目标检测\光流法运动目标检测.csproj", "{D5243D44-CADB-417B-AD48-04721C60BB3B}"
EndProject
Project("{FAE04EC0-301F-11D3-BF4B-00C04F79EFBC}") = "用滑动条做调色板", "用滑动条做调色板\用滑动条做调色板.csproj", "{B0731167-CCC6-42E5-BF23-862000497CAB}"
EndProject
Project("{FAE04EC0-301F-11D3-BF4B-00C04F79EFBC}") = "直方图对比", "直方图对比\直方图对比.csproj", "{C679DE3A-FA7D-4213-870E-47BF0D5F64C8}"
EndProject
Project("{FAE04EC0-301F-11D3-BF4B-00C04F79EFBC}") = "直方图反向投影", "直方图反向投影\直方图反向投影.csproj", "{28F3AE6C-171C-4400-AA63-A04BD9E3B167}"
EndProject
Project("{FAE04EC0-301F-11D3-BF4B-00C04F79EFBC}") = "直方图均衡化", "直方图均衡化\直方图均衡化.csproj", "{E7B1150E-4A47-4F2F-9961-BC40C0869C5E}"
EndProject
Project("{FAE04EC0-301F-11D3-BF4B-00C04F79EFBC}") = "亚像素级角点检测", "亚像素级角点检测\亚像素级角点检测.csproj", "{6D501D28-AC11-4568-99C5-F59D4B3E8745}"
EndProject
Project("{FAE04EC0-301F-11D3-BF4B-00C04F79EFBC}") = "创建包围轮廓的矩形和圆形边界框", "创建包围轮廓的矩形和圆形边界框\创建包围轮廓的矩形和圆形边界框.csproj", "{132C7099-504A-4F31-ACC0-538FDA5BC56C}"
EndProject
Project("{FAE04EC0-301F-11D3-BF4B-00C04F79EFBC}") = "支持向量机之SVM引导", "支持向量机之SVM引导\支持向量机之SVM引导.csproj", "{314932BB-D5A0-4F6A-8ACD-79989D73D9F1}"
EndProject
Project("{FAE04EC0-301F-11D3-BF4B-00C04F79EFBC}") = "支持向量机之处理线性不可分数据", "支持向量机之处理线性不可分数据\支持向量机之处理线性不可分数据.csproj", "{66172529-2642-4988-BD9E-75AB37155ACD}"
EndProject
Project("{FAE04EC0-301F-11D3-BF4B-00C04F79EFBC}") = "漫水填充", "漫水填充\漫水填充.csproj", "{2F2027FF-DD35-44C8-B084-4A4F0ABD4D25}"
EndProject
Project("{FAE04EC0-301F-11D3-BF4B-00C04F79EFBC}") = "二值化基本阈值操作", "二值化基本阈值操作\二值化基本阈值操作.csproj", "{5A2C45F1-D446-432E-8A64-C1185A9E3A5B}"
EndProject
Project("{FAE04EC0-301F-11D3-BF4B-00C04F79EFBC}") = "查找并绘制轮廓综合示例", "查找并绘制轮廓综合示例\查找并绘制轮廓综合示例.csproj", "{4558C06D-3C39-41EC-AEBE-BC46C3FD3460}"
EndProject
Project("{FAE04EC0-301F-11D3-BF4B-00C04F79EFBC}") = "凸包检测", "凸包检测\凸包检测.csproj", "{18E19F9F-1FA2-4D69-906A-21F12949B9D9}"
EndProject
Global
	GlobalSection(SolutionConfigurationPlatforms) = preSolution
		Debug|Any CPU = Debug|Any CPU
		Debug|x64 = Debug|x64
		Release|Any CPU = Release|Any CPU
		Release|x64 = Release|x64
	EndGlobalSection
	GlobalSection(ProjectConfigurationPlatforms) = postSolution
		{FA2BB14A-66D7-44C2-A111-796F4650FE82}.Debug|Any CPU.ActiveCfg = Debug|Any CPU
		{FA2BB14A-66D7-44C2-A111-796F4650FE82}.Debug|Any CPU.Build.0 = Debug|Any CPU
		{FA2BB14A-66D7-44C2-A111-796F4650FE82}.Debug|x64.ActiveCfg = Debug|Any CPU
		{FA2BB14A-66D7-44C2-A111-796F4650FE82}.Debug|x64.Build.0 = Debug|Any CPU
		{FA2BB14A-66D7-44C2-A111-796F4650FE82}.Release|Any CPU.ActiveCfg = Release|Any CPU
		{FA2BB14A-66D7-44C2-A111-796F4650FE82}.Release|Any CPU.Build.0 = Release|Any CPU
		{FA2BB14A-66D7-44C2-A111-796F4650FE82}.Release|x64.ActiveCfg = Release|Any CPU
		{FA2BB14A-66D7-44C2-A111-796F4650FE82}.Release|x64.Build.0 = Release|Any CPU
		{5991DF13-4B52-49D2-A821-00C087DDE427}.Debug|Any CPU.ActiveCfg = Debug|Any CPU
		{5991DF13-4B52-49D2-A821-00C087DDE427}.Debug|Any CPU.Build.0 = Debug|Any CPU
		{5991DF13-4B52-49D2-A821-00C087DDE427}.Debug|x64.ActiveCfg = Debug|Any CPU
		{5991DF13-4B52-49D2-A821-00C087DDE427}.Debug|x64.Build.0 = Debug|Any CPU
		{5991DF13-4B52-49D2-A821-00C087DDE427}.Release|Any CPU.ActiveCfg = Release|Any CPU
		{5991DF13-4B52-49D2-A821-00C087DDE427}.Release|Any CPU.Build.0 = Release|Any CPU
		{5991DF13-4B52-49D2-A821-00C087DDE427}.Release|x64.ActiveCfg = Release|Any CPU
		{5991DF13-4B52-49D2-A821-00C087DDE427}.Release|x64.Build.0 = Release|Any CPU
		{11C038DF-9B52-4F17-B208-196F716BD81E}.Debug|Any CPU.ActiveCfg = Debug|Any CPU
		{11C038DF-9B52-4F17-B208-196F716BD81E}.Debug|Any CPU.Build.0 = Debug|Any CPU
		{11C038DF-9B52-4F17-B208-196F716BD81E}.Debug|x64.ActiveCfg = Debug|Any CPU
		{11C038DF-9B52-4F17-B208-196F716BD81E}.Debug|x64.Build.0 = Debug|Any CPU
		{11C038DF-9B52-4F17-B208-196F716BD81E}.Release|Any CPU.ActiveCfg = Release|Any CPU
		{11C038DF-9B52-4F17-B208-196F716BD81E}.Release|Any CPU.Build.0 = Release|Any CPU
		{11C038DF-9B52-4F17-B208-196F716BD81E}.Release|x64.ActiveCfg = Release|Any CPU
		{11C038DF-9B52-4F17-B208-196F716BD81E}.Release|x64.Build.0 = Release|Any CPU
		{1D261BA9-360C-499C-94A2-14389928E66A}.Debug|Any CPU.ActiveCfg = Debug|Any CPU
		{1D261BA9-360C-499C-94A2-14389928E66A}.Debug|Any CPU.Build.0 = Debug|Any CPU
		{1D261BA9-360C-499C-94A2-14389928E66A}.Debug|x64.ActiveCfg = Debug|Any CPU
		{1D261BA9-360C-499C-94A2-14389928E66A}.Debug|x64.Build.0 = Debug|Any CPU
		{1D261BA9-360C-499C-94A2-14389928E66A}.Release|Any CPU.ActiveCfg = Release|Any CPU
		{1D261BA9-360C-499C-94A2-14389928E66A}.Release|Any CPU.Build.0 = Release|Any CPU
		{1D261BA9-360C-499C-94A2-14389928E66A}.Release|x64.ActiveCfg = Release|Any CPU
		{1D261BA9-360C-499C-94A2-14389928E66A}.Release|x64.Build.0 = Release|Any CPU
		{73D58785-DFA6-42D8-A358-3EB45842B4D8}.Debug|Any CPU.ActiveCfg = Debug|Any CPU
		{73D58785-DFA6-42D8-A358-3EB45842B4D8}.Debug|Any CPU.Build.0 = Debug|Any CPU
		{73D58785-DFA6-42D8-A358-3EB45842B4D8}.Debug|x64.ActiveCfg = Debug|Any CPU
		{73D58785-DFA6-42D8-A358-3EB45842B4D8}.Debug|x64.Build.0 = Debug|Any CPU
		{73D58785-DFA6-42D8-A358-3EB45842B4D8}.Release|Any CPU.ActiveCfg = Release|Any CPU
		{73D58785-DFA6-42D8-A358-3EB45842B4D8}.Release|Any CPU.Build.0 = Release|Any CPU
		{73D58785-DFA6-42D8-A358-3EB45842B4D8}.Release|x64.ActiveCfg = Release|Any CPU
		{73D58785-DFA6-42D8-A358-3EB45842B4D8}.Release|x64.Build.0 = Release|Any CPU
		{F11BE12B-5E99-4BB8-94F9-0553D8E98BE0}.Debug|Any CPU.ActiveCfg = Debug|Any CPU
		{F11BE12B-5E99-4BB8-94F9-0553D8E98BE0}.Debug|Any CPU.Build.0 = Debug|Any CPU
		{F11BE12B-5E99-4BB8-94F9-0553D8E98BE0}.Debug|x64.ActiveCfg = Debug|Any CPU
		{F11BE12B-5E99-4BB8-94F9-0553D8E98BE0}.Debug|x64.Build.0 = Debug|Any CPU
		{F11BE12B-5E99-4BB8-94F9-0553D8E98BE0}.Release|Any CPU.ActiveCfg = Release|Any CPU
		{F11BE12B-5E99-4BB8-94F9-0553D8E98BE0}.Release|Any CPU.Build.0 = Release|Any CPU
		{F11BE12B-5E99-4BB8-94F9-0553D8E98BE0}.Release|x64.ActiveCfg = Release|Any CPU
		{F11BE12B-5E99-4BB8-94F9-0553D8E98BE0}.Release|x64.Build.0 = Release|Any CPU
		{4B21FE96-F0B1-4C98-951A-B4621B2D0C56}.Debug|Any CPU.ActiveCfg = Debug|Any CPU
		{4B21FE96-F0B1-4C98-951A-B4621B2D0C56}.Debug|Any CPU.Build.0 = Debug|Any CPU
		{4B21FE96-F0B1-4C98-951A-B4621B2D0C56}.Debug|x64.ActiveCfg = Debug|Any CPU
		{4B21FE96-F0B1-4C98-951A-B4621B2D0C56}.Debug|x64.Build.0 = Debug|Any CPU
		{4B21FE96-F0B1-4C98-951A-B4621B2D0C56}.Release|Any CPU.ActiveCfg = Release|Any CPU
		{4B21FE96-F0B1-4C98-951A-B4621B2D0C56}.Release|Any CPU.Build.0 = Release|Any CPU
		{4B21FE96-F0B1-4C98-951A-B4621B2D0C56}.Release|x64.ActiveCfg = Release|Any CPU
		{4B21FE96-F0B1-4C98-951A-B4621B2D0C56}.Release|x64.Build.0 = Release|Any CPU
		{CD27F6F9-5002-40AD-8DD5-86390CDC3A7B}.Debug|Any CPU.ActiveCfg = Debug|Any CPU
		{CD27F6F9-5002-40AD-8DD5-86390CDC3A7B}.Debug|Any CPU.Build.0 = Debug|Any CPU
		{CD27F6F9-5002-40AD-8DD5-86390CDC3A7B}.Debug|x64.ActiveCfg = Debug|Any CPU
		{CD27F6F9-5002-40AD-8DD5-86390CDC3A7B}.Debug|x64.Build.0 = Debug|Any CPU
		{CD27F6F9-5002-40AD-8DD5-86390CDC3A7B}.Release|Any CPU.ActiveCfg = Release|Any CPU
		{CD27F6F9-5002-40AD-8DD5-86390CDC3A7B}.Release|Any CPU.Build.0 = Release|Any CPU
		{CD27F6F9-5002-40AD-8DD5-86390CDC3A7B}.Release|x64.ActiveCfg = Release|Any CPU
		{CD27F6F9-5002-40AD-8DD5-86390CDC3A7B}.Release|x64.Build.0 = Release|Any CPU
		{9AE3BD9E-1BA5-4FD0-86A0-DF4C022320DA}.Debug|Any CPU.ActiveCfg = Debug|Any CPU
		{9AE3BD9E-1BA5-4FD0-86A0-DF4C022320DA}.Debug|Any CPU.Build.0 = Debug|Any CPU
		{9AE3BD9E-1BA5-4FD0-86A0-DF4C022320DA}.Debug|x64.ActiveCfg = Debug|Any CPU
		{9AE3BD9E-1BA5-4FD0-86A0-DF4C022320DA}.Debug|x64.Build.0 = Debug|Any CPU
		{9AE3BD9E-1BA5-4FD0-86A0-DF4C022320DA}.Release|Any CPU.ActiveCfg = Release|Any CPU
		{9AE3BD9E-1BA5-4FD0-86A0-DF4C022320DA}.Release|Any CPU.Build.0 = Release|Any CPU
		{9AE3BD9E-1BA5-4FD0-86A0-DF4C022320DA}.Release|x64.ActiveCfg = Release|Any CPU
		{9AE3BD9E-1BA5-4FD0-86A0-DF4C022320DA}.Release|x64.Build.0 = Release|Any CPU
		{F2AF3A26-4D1A-48E0-B34A-AE584ACFDEC1}.Debug|Any CPU.ActiveCfg = Debug|Any CPU
		{F2AF3A26-4D1A-48E0-B34A-AE584ACFDEC1}.Debug|Any CPU.Build.0 = Debug|Any CPU
		{F2AF3A26-4D1A-48E0-B34A-AE584ACFDEC1}.Debug|x64.ActiveCfg = Debug|Any CPU
		{F2AF3A26-4D1A-48E0-B34A-AE584ACFDEC1}.Debug|x64.Build.0 = Debug|Any CPU
		{F2AF3A26-4D1A-48E0-B34A-AE584ACFDEC1}.Release|Any CPU.ActiveCfg = Release|Any CPU
		{F2AF3A26-4D1A-48E0-B34A-AE584ACFDEC1}.Release|Any CPU.Build.0 = Release|Any CPU
		{F2AF3A26-4D1A-48E0-B34A-AE584ACFDEC1}.Release|x64.ActiveCfg = Release|Any CPU
		{F2AF3A26-4D1A-48E0-B34A-AE584ACFDEC1}.Release|x64.Build.0 = Release|Any CPU
		{6F441C52-9ECF-4042-A9A5-62DFE4FC6F5B}.Debug|Any CPU.ActiveCfg = Debug|Any CPU
		{6F441C52-9ECF-4042-A9A5-62DFE4FC6F5B}.Debug|Any CPU.Build.0 = Debug|Any CPU
		{6F441C52-9ECF-4042-A9A5-62DFE4FC6F5B}.Debug|x64.ActiveCfg = Debug|Any CPU
		{6F441C52-9ECF-4042-A9A5-62DFE4FC6F5B}.Debug|x64.Build.0 = Debug|Any CPU
		{6F441C52-9ECF-4042-A9A5-62DFE4FC6F5B}.Release|Any CPU.ActiveCfg = Release|Any CPU
		{6F441C52-9ECF-4042-A9A5-62DFE4FC6F5B}.Release|Any CPU.Build.0 = Release|Any CPU
		{6F441C52-9ECF-4042-A9A5-62DFE4FC6F5B}.Release|x64.ActiveCfg = Release|Any CPU
		{6F441C52-9ECF-4042-A9A5-62DFE4FC6F5B}.Release|x64.Build.0 = Release|Any CPU
		{62DC1956-65C0-44BC-A6FD-DEB02F87E12F}.Debug|Any CPU.ActiveCfg = Debug|Any CPU
		{62DC1956-65C0-44BC-A6FD-DEB02F87E12F}.Debug|Any CPU.Build.0 = Debug|Any CPU
		{62DC1956-65C0-44BC-A6FD-DEB02F87E12F}.Debug|x64.ActiveCfg = Debug|Any CPU
		{62DC1956-65C0-44BC-A6FD-DEB02F87E12F}.Debug|x64.Build.0 = Debug|Any CPU
		{62DC1956-65C0-44BC-A6FD-DEB02F87E12F}.Release|Any CPU.ActiveCfg = Release|Any CPU
		{62DC1956-65C0-44BC-A6FD-DEB02F87E12F}.Release|Any CPU.Build.0 = Release|Any CPU
		{62DC1956-65C0-44BC-A6FD-DEB02F87E12F}.Release|x64.ActiveCfg = Release|Any CPU
		{62DC1956-65C0-44BC-A6FD-DEB02F87E12F}.Release|x64.Build.0 = Release|Any CPU
		{55881900-14D5-4775-97B2-6B244FC0D044}.Debug|Any CPU.ActiveCfg = Debug|Any CPU
		{55881900-14D5-4775-97B2-6B244FC0D044}.Debug|Any CPU.Build.0 = Debug|Any CPU
		{55881900-14D5-4775-97B2-6B244FC0D044}.Debug|x64.ActiveCfg = Debug|Any CPU
		{55881900-14D5-4775-97B2-6B244FC0D044}.Debug|x64.Build.0 = Debug|Any CPU
		{55881900-14D5-4775-97B2-6B244FC0D044}.Release|Any CPU.ActiveCfg = Release|Any CPU
		{55881900-14D5-4775-97B2-6B244FC0D044}.Release|Any CPU.Build.0 = Release|Any CPU
		{55881900-14D5-4775-97B2-6B244FC0D044}.Release|x64.ActiveCfg = Release|Any CPU
		{55881900-14D5-4775-97B2-6B244FC0D044}.Release|x64.Build.0 = Release|Any CPU
		{DC2865D3-5E6F-4847-BBAC-9B0CF860D887}.Debug|Any CPU.ActiveCfg = Debug|Any CPU
		{DC2865D3-5E6F-4847-BBAC-9B0CF860D887}.Debug|Any CPU.Build.0 = Debug|Any CPU
		{DC2865D3-5E6F-4847-BBAC-9B0CF860D887}.Debug|x64.ActiveCfg = Debug|Any CPU
		{DC2865D3-5E6F-4847-BBAC-9B0CF860D887}.Debug|x64.Build.0 = Debug|Any CPU
		{DC2865D3-5E6F-4847-BBAC-9B0CF860D887}.Release|Any CPU.ActiveCfg = Release|Any CPU
		{DC2865D3-5E6F-4847-BBAC-9B0CF860D887}.Release|Any CPU.Build.0 = Release|Any CPU
		{DC2865D3-5E6F-4847-BBAC-9B0CF860D887}.Release|x64.ActiveCfg = Release|Any CPU
		{DC2865D3-5E6F-4847-BBAC-9B0CF860D887}.Release|x64.Build.0 = Release|Any CPU
		{16A220EE-B344-433E-8B9F-46278B30C77A}.Debug|Any CPU.ActiveCfg = Debug|Any CPU
		{16A220EE-B344-433E-8B9F-46278B30C77A}.Debug|Any CPU.Build.0 = Debug|Any CPU
		{16A220EE-B344-433E-8B9F-46278B30C77A}.Debug|x64.ActiveCfg = Debug|Any CPU
		{16A220EE-B344-433E-8B9F-46278B30C77A}.Debug|x64.Build.0 = Debug|Any CPU
		{16A220EE-B344-433E-8B9F-46278B30C77A}.Release|Any CPU.ActiveCfg = Release|Any CPU
		{16A220EE-B344-433E-8B9F-46278B30C77A}.Release|Any CPU.Build.0 = Release|Any CPU
		{16A220EE-B344-433E-8B9F-46278B30C77A}.Release|x64.ActiveCfg = Release|Any CPU
		{16A220EE-B344-433E-8B9F-46278B30C77A}.Release|x64.Build.0 = Release|Any CPU
		{2769B22D-C61C-4E80-8A9E-308134A3E2AF}.Debug|Any CPU.ActiveCfg = Debug|Any CPU
		{2769B22D-C61C-4E80-8A9E-308134A3E2AF}.Debug|Any CPU.Build.0 = Debug|Any CPU
		{2769B22D-C61C-4E80-8A9E-308134A3E2AF}.Debug|x64.ActiveCfg = Debug|Any CPU
		{2769B22D-C61C-4E80-8A9E-308134A3E2AF}.Debug|x64.Build.0 = Debug|Any CPU
		{2769B22D-C61C-4E80-8A9E-308134A3E2AF}.Release|Any CPU.ActiveCfg = Release|Any CPU
		{2769B22D-C61C-4E80-8A9E-308134A3E2AF}.Release|Any CPU.Build.0 = Release|Any CPU
		{2769B22D-C61C-4E80-8A9E-308134A3E2AF}.Release|x64.ActiveCfg = Release|Any CPU
		{2769B22D-C61C-4E80-8A9E-308134A3E2AF}.Release|x64.Build.0 = Release|Any CPU
		{754B3AD9-C6E0-4E3A-B038-BDA002653032}.Debug|Any CPU.ActiveCfg = Debug|Any CPU
		{754B3AD9-C6E0-4E3A-B038-BDA002653032}.Debug|Any CPU.Build.0 = Debug|Any CPU
		{754B3AD9-C6E0-4E3A-B038-BDA002653032}.Debug|x64.ActiveCfg = Debug|Any CPU
		{754B3AD9-C6E0-4E3A-B038-BDA002653032}.Debug|x64.Build.0 = Debug|Any CPU
		{754B3AD9-C6E0-4E3A-B038-BDA002653032}.Release|Any CPU.ActiveCfg = Release|Any CPU
		{754B3AD9-C6E0-4E3A-B038-BDA002653032}.Release|Any CPU.Build.0 = Release|Any CPU
		{754B3AD9-C6E0-4E3A-B038-BDA002653032}.Release|x64.ActiveCfg = Release|Any CPU
		{754B3AD9-C6E0-4E3A-B038-BDA002653032}.Release|x64.Build.0 = Release|Any CPU
		{96E496D3-4030-4D72-9114-93D1DC5F8A14}.Debug|Any CPU.ActiveCfg = Debug|Any CPU
		{96E496D3-4030-4D72-9114-93D1DC5F8A14}.Debug|Any CPU.Build.0 = Debug|Any CPU
		{96E496D3-4030-4D72-9114-93D1DC5F8A14}.Debug|x64.ActiveCfg = Debug|Any CPU
		{96E496D3-4030-4D72-9114-93D1DC5F8A14}.Debug|x64.Build.0 = Debug|Any CPU
		{96E496D3-4030-4D72-9114-93D1DC5F8A14}.Release|Any CPU.ActiveCfg = Release|Any CPU
		{96E496D3-4030-4D72-9114-93D1DC5F8A14}.Release|Any CPU.Build.0 = Release|Any CPU
		{96E496D3-4030-4D72-9114-93D1DC5F8A14}.Release|x64.ActiveCfg = Release|Any CPU
		{96E496D3-4030-4D72-9114-93D1DC5F8A14}.Release|x64.Build.0 = Release|Any CPU
		{9B444D4C-C26C-43F7-B25F-5E507FF4CC98}.Debug|Any CPU.ActiveCfg = Debug|Any CPU
		{9B444D4C-C26C-43F7-B25F-5E507FF4CC98}.Debug|Any CPU.Build.0 = Debug|Any CPU
		{9B444D4C-C26C-43F7-B25F-5E507FF4CC98}.Debug|x64.ActiveCfg = Debug|Any CPU
		{9B444D4C-C26C-43F7-B25F-5E507FF4CC98}.Debug|x64.Build.0 = Debug|Any CPU
		{9B444D4C-C26C-43F7-B25F-5E507FF4CC98}.Release|Any CPU.ActiveCfg = Release|Any CPU
		{9B444D4C-C26C-43F7-B25F-5E507FF4CC98}.Release|Any CPU.Build.0 = Release|Any CPU
		{9B444D4C-C26C-43F7-B25F-5E507FF4CC98}.Release|x64.ActiveCfg = Release|Any CPU
		{9B444D4C-C26C-43F7-B25F-5E507FF4CC98}.Release|x64.Build.0 = Release|Any CPU
		{47A842C3-5F4A-42B8-BEF9-D298460740EF}.Debug|Any CPU.ActiveCfg = Debug|Any CPU
		{47A842C3-5F4A-42B8-BEF9-D298460740EF}.Debug|Any CPU.Build.0 = Debug|Any CPU
		{47A842C3-5F4A-42B8-BEF9-D298460740EF}.Debug|x64.ActiveCfg = Debug|Any CPU
		{47A842C3-5F4A-42B8-BEF9-D298460740EF}.Debug|x64.Build.0 = Debug|Any CPU
		{47A842C3-5F4A-42B8-BEF9-D298460740EF}.Release|Any CPU.ActiveCfg = Release|Any CPU
		{47A842C3-5F4A-42B8-BEF9-D298460740EF}.Release|Any CPU.Build.0 = Release|Any CPU
		{47A842C3-5F4A-42B8-BEF9-D298460740EF}.Release|x64.ActiveCfg = Release|Any CPU
		{47A842C3-5F4A-42B8-BEF9-D298460740EF}.Release|x64.Build.0 = Release|Any CPU
		{8B64E7EF-3363-4CE8-9540-6129AB7F104A}.Debug|Any CPU.ActiveCfg = Debug|Any CPU
		{8B64E7EF-3363-4CE8-9540-6129AB7F104A}.Debug|Any CPU.Build.0 = Debug|Any CPU
		{8B64E7EF-3363-4CE8-9540-6129AB7F104A}.Debug|x64.ActiveCfg = Debug|Any CPU
		{8B64E7EF-3363-4CE8-9540-6129AB7F104A}.Debug|x64.Build.0 = Debug|Any CPU
		{8B64E7EF-3363-4CE8-9540-6129AB7F104A}.Release|Any CPU.ActiveCfg = Release|Any CPU
		{8B64E7EF-3363-4CE8-9540-6129AB7F104A}.Release|Any CPU.Build.0 = Release|Any CPU
		{8B64E7EF-3363-4CE8-9540-6129AB7F104A}.Release|x64.ActiveCfg = Release|Any CPU
		{8B64E7EF-3363-4CE8-9540-6129AB7F104A}.Release|x64.Build.0 = Release|Any CPU
		{1F954439-5696-49A0-8958-3056C439E7D9}.Debug|Any CPU.ActiveCfg = Debug|Any CPU
		{1F954439-5696-49A0-8958-3056C439E7D9}.Debug|Any CPU.Build.0 = Debug|Any CPU
		{1F954439-5696-49A0-8958-3056C439E7D9}.Debug|x64.ActiveCfg = Debug|Any CPU
		{1F954439-5696-49A0-8958-3056C439E7D9}.Debug|x64.Build.0 = Debug|Any CPU
		{1F954439-5696-49A0-8958-3056C439E7D9}.Release|Any CPU.ActiveCfg = Release|Any CPU
		{1F954439-5696-49A0-8958-3056C439E7D9}.Release|Any CPU.Build.0 = Release|Any CPU
		{1F954439-5696-49A0-8958-3056C439E7D9}.Release|x64.ActiveCfg = Release|Any CPU
		{1F954439-5696-49A0-8958-3056C439E7D9}.Release|x64.Build.0 = Release|Any CPU
		{AE27A475-BB52-4E1E-B3C3-1DFF3EA9AD59}.Debug|Any CPU.ActiveCfg = Debug|Any CPU
		{AE27A475-BB52-4E1E-B3C3-1DFF3EA9AD59}.Debug|Any CPU.Build.0 = Debug|Any CPU
		{AE27A475-BB52-4E1E-B3C3-1DFF3EA9AD59}.Debug|x64.ActiveCfg = Debug|Any CPU
		{AE27A475-BB52-4E1E-B3C3-1DFF3EA9AD59}.Debug|x64.Build.0 = Debug|Any CPU
		{AE27A475-BB52-4E1E-B3C3-1DFF3EA9AD59}.Release|Any CPU.ActiveCfg = Release|Any CPU
		{AE27A475-BB52-4E1E-B3C3-1DFF3EA9AD59}.Release|Any CPU.Build.0 = Release|Any CPU
		{AE27A475-BB52-4E1E-B3C3-1DFF3EA9AD59}.Release|x64.ActiveCfg = Release|Any CPU
		{AE27A475-BB52-4E1E-B3C3-1DFF3EA9AD59}.Release|x64.Build.0 = Release|Any CPU
		{4C2C8FD5-89D9-48FF-A6E6-59F0A15919F8}.Debug|Any CPU.ActiveCfg = Debug|Any CPU
		{4C2C8FD5-89D9-48FF-A6E6-59F0A15919F8}.Debug|Any CPU.Build.0 = Debug|Any CPU
		{4C2C8FD5-89D9-48FF-A6E6-59F0A15919F8}.Debug|x64.ActiveCfg = Debug|Any CPU
		{4C2C8FD5-89D9-48FF-A6E6-59F0A15919F8}.Debug|x64.Build.0 = Debug|Any CPU
		{4C2C8FD5-89D9-48FF-A6E6-59F0A15919F8}.Release|Any CPU.ActiveCfg = Release|Any CPU
		{4C2C8FD5-89D9-48FF-A6E6-59F0A15919F8}.Release|Any CPU.Build.0 = Release|Any CPU
		{4C2C8FD5-89D9-48FF-A6E6-59F0A15919F8}.Release|x64.ActiveCfg = Release|Any CPU
		{4C2C8FD5-89D9-48FF-A6E6-59F0A15919F8}.Release|x64.Build.0 = Release|Any CPU
		{593DA70D-E31B-40BB-B0DE-67624B63E184}.Debug|Any CPU.ActiveCfg = Debug|Any CPU
		{593DA70D-E31B-40BB-B0DE-67624B63E184}.Debug|Any CPU.Build.0 = Debug|Any CPU
		{593DA70D-E31B-40BB-B0DE-67624B63E184}.Debug|x64.ActiveCfg = Debug|Any CPU
		{593DA70D-E31B-40BB-B0DE-67624B63E184}.Debug|x64.Build.0 = Debug|Any CPU
		{593DA70D-E31B-40BB-B0DE-67624B63E184}.Release|Any CPU.ActiveCfg = Release|Any CPU
		{593DA70D-E31B-40BB-B0DE-67624B63E184}.Release|Any CPU.Build.0 = Release|Any CPU
		{593DA70D-E31B-40BB-B0DE-67624B63E184}.Release|x64.ActiveCfg = Release|Any CPU
		{593DA70D-E31B-40BB-B0DE-67624B63E184}.Release|x64.Build.0 = Release|Any CPU
		{ED93EAB6-B0BA-48C8-AAAD-8CBB4C0CE822}.Debug|Any CPU.ActiveCfg = Debug|Any CPU
		{ED93EAB6-B0BA-48C8-AAAD-8CBB4C0CE822}.Debug|Any CPU.Build.0 = Debug|Any CPU
		{ED93EAB6-B0BA-48C8-AAAD-8CBB4C0CE822}.Debug|x64.ActiveCfg = Debug|Any CPU
		{ED93EAB6-B0BA-48C8-AAAD-8CBB4C0CE822}.Debug|x64.Build.0 = Debug|Any CPU
		{ED93EAB6-B0BA-48C8-AAAD-8CBB4C0CE822}.Release|Any CPU.ActiveCfg = Release|Any CPU
		{ED93EAB6-B0BA-48C8-AAAD-8CBB4C0CE822}.Release|Any CPU.Build.0 = Release|Any CPU
		{ED93EAB6-B0BA-48C8-AAAD-8CBB4C0CE822}.Release|x64.ActiveCfg = Release|Any CPU
		{ED93EAB6-B0BA-48C8-AAAD-8CBB4C0CE822}.Release|x64.Build.0 = Release|Any CPU
		{FF314FCD-15C9-431A-B8A7-9EE850C0DB19}.Debug|Any CPU.ActiveCfg = Debug|Any CPU
		{FF314FCD-15C9-431A-B8A7-9EE850C0DB19}.Debug|Any CPU.Build.0 = Debug|Any CPU
		{FF314FCD-15C9-431A-B8A7-9EE850C0DB19}.Debug|x64.ActiveCfg = Debug|Any CPU
		{FF314FCD-15C9-431A-B8A7-9EE850C0DB19}.Debug|x64.Build.0 = Debug|Any CPU
		{FF314FCD-15C9-431A-B8A7-9EE850C0DB19}.Release|Any CPU.ActiveCfg = Release|Any CPU
		{FF314FCD-15C9-431A-B8A7-9EE850C0DB19}.Release|Any CPU.Build.0 = Release|Any CPU
		{FF314FCD-15C9-431A-B8A7-9EE850C0DB19}.Release|x64.ActiveCfg = Release|Any CPU
		{FF314FCD-15C9-431A-B8A7-9EE850C0DB19}.Release|x64.Build.0 = Release|Any CPU
		{D6792F6B-CB66-41E7-AEAF-DD737ADD5F36}.Debug|Any CPU.ActiveCfg = Debug|Any CPU
		{D6792F6B-CB66-41E7-AEAF-DD737ADD5F36}.Debug|Any CPU.Build.0 = Debug|Any CPU
		{D6792F6B-CB66-41E7-AEAF-DD737ADD5F36}.Debug|x64.ActiveCfg = Debug|Any CPU
		{D6792F6B-CB66-41E7-AEAF-DD737ADD5F36}.Debug|x64.Build.0 = Debug|Any CPU
		{D6792F6B-CB66-41E7-AEAF-DD737ADD5F36}.Release|Any CPU.ActiveCfg = Release|Any CPU
		{D6792F6B-CB66-41E7-AEAF-DD737ADD5F36}.Release|Any CPU.Build.0 = Release|Any CPU
		{D6792F6B-CB66-41E7-AEAF-DD737ADD5F36}.Release|x64.ActiveCfg = Release|Any CPU
		{D6792F6B-CB66-41E7-AEAF-DD737ADD5F36}.Release|x64.Build.0 = Release|Any CPU
		{FDA3920F-9E3B-4578-BC5C-47B401CC028F}.Debug|Any CPU.ActiveCfg = Debug|Any CPU
		{FDA3920F-9E3B-4578-BC5C-47B401CC028F}.Debug|Any CPU.Build.0 = Debug|Any CPU
		{FDA3920F-9E3B-4578-BC5C-47B401CC028F}.Debug|x64.ActiveCfg = Debug|Any CPU
		{FDA3920F-9E3B-4578-BC5C-47B401CC028F}.Debug|x64.Build.0 = Debug|Any CPU
		{FDA3920F-9E3B-4578-BC5C-47B401CC028F}.Release|Any CPU.ActiveCfg = Release|Any CPU
		{FDA3920F-9E3B-4578-BC5C-47B401CC028F}.Release|Any CPU.Build.0 = Release|Any CPU
		{FDA3920F-9E3B-4578-BC5C-47B401CC028F}.Release|x64.ActiveCfg = Release|Any CPU
		{FDA3920F-9E3B-4578-BC5C-47B401CC028F}.Release|x64.Build.0 = Release|Any CPU
		{A10E860D-16C9-4276-B4A9-4C250144B84D}.Debug|Any CPU.ActiveCfg = Debug|Any CPU
		{A10E860D-16C9-4276-B4A9-4C250144B84D}.Debug|Any CPU.Build.0 = Debug|Any CPU
		{A10E860D-16C9-4276-B4A9-4C250144B84D}.Debug|x64.ActiveCfg = Debug|Any CPU
		{A10E860D-16C9-4276-B4A9-4C250144B84D}.Debug|x64.Build.0 = Debug|Any CPU
		{A10E860D-16C9-4276-B4A9-4C250144B84D}.Release|Any CPU.ActiveCfg = Release|Any CPU
		{A10E860D-16C9-4276-B4A9-4C250144B84D}.Release|Any CPU.Build.0 = Release|Any CPU
		{A10E860D-16C9-4276-B4A9-4C250144B84D}.Release|x64.ActiveCfg = Release|Any CPU
		{A10E860D-16C9-4276-B4A9-4C250144B84D}.Release|x64.Build.0 = Release|Any CPU
		{83854C22-C3A4-47F8-9E4A-BF8C9628CAB5}.Debug|Any CPU.ActiveCfg = Debug|Any CPU
		{83854C22-C3A4-47F8-9E4A-BF8C9628CAB5}.Debug|Any CPU.Build.0 = Debug|Any CPU
		{83854C22-C3A4-47F8-9E4A-BF8C9628CAB5}.Debug|x64.ActiveCfg = Debug|Any CPU
		{83854C22-C3A4-47F8-9E4A-BF8C9628CAB5}.Debug|x64.Build.0 = Debug|Any CPU
		{83854C22-C3A4-47F8-9E4A-BF8C9628CAB5}.Release|Any CPU.ActiveCfg = Release|Any CPU
		{83854C22-C3A4-47F8-9E4A-BF8C9628CAB5}.Release|Any CPU.Build.0 = Release|Any CPU
		{83854C22-C3A4-47F8-9E4A-BF8C9628CAB5}.Release|x64.ActiveCfg = Release|Any CPU
		{83854C22-C3A4-47F8-9E4A-BF8C9628CAB5}.Release|x64.Build.0 = Release|Any CPU
		{905D0654-E929-47B9-AB4F-351938AB68BF}.Debug|Any CPU.ActiveCfg = Debug|Any CPU
		{905D0654-E929-47B9-AB4F-351938AB68BF}.Debug|Any CPU.Build.0 = Debug|Any CPU
		{905D0654-E929-47B9-AB4F-351938AB68BF}.Debug|x64.ActiveCfg = Debug|Any CPU
		{905D0654-E929-47B9-AB4F-351938AB68BF}.Debug|x64.Build.0 = Debug|Any CPU
		{905D0654-E929-47B9-AB4F-351938AB68BF}.Release|Any CPU.ActiveCfg = Release|Any CPU
		{905D0654-E929-47B9-AB4F-351938AB68BF}.Release|Any CPU.Build.0 = Release|Any CPU
		{905D0654-E929-47B9-AB4F-351938AB68BF}.Release|x64.ActiveCfg = Release|Any CPU
		{905D0654-E929-47B9-AB4F-351938AB68BF}.Release|x64.Build.0 = Release|Any CPU
		{32682E14-41E5-4B70-97D4-5F6EB8729AD9}.Debug|Any CPU.ActiveCfg = Debug|Any CPU
		{32682E14-41E5-4B70-97D4-5F6EB8729AD9}.Debug|Any CPU.Build.0 = Debug|Any CPU
		{32682E14-41E5-4B70-97D4-5F6EB8729AD9}.Debug|x64.ActiveCfg = Debug|Any CPU
		{32682E14-41E5-4B70-97D4-5F6EB8729AD9}.Debug|x64.Build.0 = Debug|Any CPU
		{32682E14-41E5-4B70-97D4-5F6EB8729AD9}.Release|Any CPU.ActiveCfg = Release|Any CPU
		{32682E14-41E5-4B70-97D4-5F6EB8729AD9}.Release|Any CPU.Build.0 = Release|Any CPU
		{32682E14-41E5-4B70-97D4-5F6EB8729AD9}.Release|x64.ActiveCfg = Release|Any CPU
		{32682E14-41E5-4B70-97D4-5F6EB8729AD9}.Release|x64.Build.0 = Release|Any CPU
		{4AB23DCE-B6A7-4B1B-9568-191FDC6E779D}.Debug|Any CPU.ActiveCfg = Debug|Any CPU
		{4AB23DCE-B6A7-4B1B-9568-191FDC6E779D}.Debug|Any CPU.Build.0 = Debug|Any CPU
		{4AB23DCE-B6A7-4B1B-9568-191FDC6E779D}.Debug|x64.ActiveCfg = Debug|Any CPU
		{4AB23DCE-B6A7-4B1B-9568-191FDC6E779D}.Debug|x64.Build.0 = Debug|Any CPU
		{4AB23DCE-B6A7-4B1B-9568-191FDC6E779D}.Release|Any CPU.ActiveCfg = Release|Any CPU
		{4AB23DCE-B6A7-4B1B-9568-191FDC6E779D}.Release|Any CPU.Build.0 = Release|Any CPU
		{4AB23DCE-B6A7-4B1B-9568-191FDC6E779D}.Release|x64.ActiveCfg = Release|Any CPU
		{4AB23DCE-B6A7-4B1B-9568-191FDC6E779D}.Release|x64.Build.0 = Release|Any CPU
		{1E1E0C93-FB2C-4519-AEE9-55416A07D95A}.Debug|Any CPU.ActiveCfg = Debug|Any CPU
		{1E1E0C93-FB2C-4519-AEE9-55416A07D95A}.Debug|Any CPU.Build.0 = Debug|Any CPU
		{1E1E0C93-FB2C-4519-AEE9-55416A07D95A}.Debug|x64.ActiveCfg = Debug|Any CPU
		{1E1E0C93-FB2C-4519-AEE9-55416A07D95A}.Debug|x64.Build.0 = Debug|Any CPU
		{1E1E0C93-FB2C-4519-AEE9-55416A07D95A}.Release|Any CPU.ActiveCfg = Release|Any CPU
		{1E1E0C93-FB2C-4519-AEE9-55416A07D95A}.Release|Any CPU.Build.0 = Release|Any CPU
		{1E1E0C93-FB2C-4519-AEE9-55416A07D95A}.Release|x64.ActiveCfg = Release|Any CPU
		{1E1E0C93-FB2C-4519-AEE9-55416A07D95A}.Release|x64.Build.0 = Release|Any CPU
		{C07B1FCA-704F-4792-8ABB-D2D632862EB8}.Debug|Any CPU.ActiveCfg = Debug|Any CPU
		{C07B1FCA-704F-4792-8ABB-D2D632862EB8}.Debug|Any CPU.Build.0 = Debug|Any CPU
		{C07B1FCA-704F-4792-8ABB-D2D632862EB8}.Debug|x64.ActiveCfg = Debug|Any CPU
		{C07B1FCA-704F-4792-8ABB-D2D632862EB8}.Debug|x64.Build.0 = Debug|Any CPU
		{C07B1FCA-704F-4792-8ABB-D2D632862EB8}.Release|Any CPU.ActiveCfg = Release|Any CPU
		{C07B1FCA-704F-4792-8ABB-D2D632862EB8}.Release|Any CPU.Build.0 = Release|Any CPU
		{C07B1FCA-704F-4792-8ABB-D2D632862EB8}.Release|x64.ActiveCfg = Release|Any CPU
		{C07B1FCA-704F-4792-8ABB-D2D632862EB8}.Release|x64.Build.0 = Release|Any CPU
		{A2DD4F53-A736-45FB-9A6A-DF7751C7387A}.Debug|Any CPU.ActiveCfg = Debug|Any CPU
		{A2DD4F53-A736-45FB-9A6A-DF7751C7387A}.Debug|Any CPU.Build.0 = Debug|Any CPU
		{A2DD4F53-A736-45FB-9A6A-DF7751C7387A}.Debug|x64.ActiveCfg = Debug|Any CPU
		{A2DD4F53-A736-45FB-9A6A-DF7751C7387A}.Debug|x64.Build.0 = Debug|Any CPU
		{A2DD4F53-A736-45FB-9A6A-DF7751C7387A}.Release|Any CPU.ActiveCfg = Release|Any CPU
		{A2DD4F53-A736-45FB-9A6A-DF7751C7387A}.Release|Any CPU.Build.0 = Release|Any CPU
		{A2DD4F53-A736-45FB-9A6A-DF7751C7387A}.Release|x64.ActiveCfg = Release|Any CPU
		{A2DD4F53-A736-45FB-9A6A-DF7751C7387A}.Release|x64.Build.0 = Release|Any CPU
		{AF55502C-E8D0-43CD-B6A8-04E03ED298B2}.Debug|Any CPU.ActiveCfg = Debug|Any CPU
		{AF55502C-E8D0-43CD-B6A8-04E03ED298B2}.Debug|Any CPU.Build.0 = Debug|Any CPU
		{AF55502C-E8D0-43CD-B6A8-04E03ED298B2}.Debug|x64.ActiveCfg = Debug|Any CPU
		{AF55502C-E8D0-43CD-B6A8-04E03ED298B2}.Debug|x64.Build.0 = Debug|Any CPU
		{AF55502C-E8D0-43CD-B6A8-04E03ED298B2}.Release|Any CPU.ActiveCfg = Release|Any CPU
		{AF55502C-E8D0-43CD-B6A8-04E03ED298B2}.Release|Any CPU.Build.0 = Release|Any CPU
		{AF55502C-E8D0-43CD-B6A8-04E03ED298B2}.Release|x64.ActiveCfg = Release|Any CPU
		{AF55502C-E8D0-43CD-B6A8-04E03ED298B2}.Release|x64.Build.0 = Release|Any CPU
		{0132C5A7-97E3-43B8-B096-B601E852E6D5}.Debug|Any CPU.ActiveCfg = Debug|Any CPU
		{0132C5A7-97E3-43B8-B096-B601E852E6D5}.Debug|Any CPU.Build.0 = Debug|Any CPU
		{0132C5A7-97E3-43B8-B096-B601E852E6D5}.Debug|x64.ActiveCfg = Debug|Any CPU
		{0132C5A7-97E3-43B8-B096-B601E852E6D5}.Debug|x64.Build.0 = Debug|Any CPU
		{0132C5A7-97E3-43B8-B096-B601E852E6D5}.Release|Any CPU.ActiveCfg = Release|Any CPU
		{0132C5A7-97E3-43B8-B096-B601E852E6D5}.Release|Any CPU.Build.0 = Release|Any CPU
		{0132C5A7-97E3-43B8-B096-B601E852E6D5}.Release|x64.ActiveCfg = Release|Any CPU
		{0132C5A7-97E3-43B8-B096-B601E852E6D5}.Release|x64.Build.0 = Release|Any CPU
		{D595A141-ACF4-4E35-A56B-877FA5155996}.Debug|Any CPU.ActiveCfg = Debug|Any CPU
		{D595A141-ACF4-4E35-A56B-877FA5155996}.Debug|Any CPU.Build.0 = Debug|Any CPU
		{D595A141-ACF4-4E35-A56B-877FA5155996}.Debug|x64.ActiveCfg = Debug|Any CPU
		{D595A141-ACF4-4E35-A56B-877FA5155996}.Debug|x64.Build.0 = Debug|Any CPU
		{D595A141-ACF4-4E35-A56B-877FA5155996}.Release|Any CPU.ActiveCfg = Release|Any CPU
		{D595A141-ACF4-4E35-A56B-877FA5155996}.Release|Any CPU.Build.0 = Release|Any CPU
		{D595A141-ACF4-4E35-A56B-877FA5155996}.Release|x64.ActiveCfg = Release|Any CPU
		{D595A141-ACF4-4E35-A56B-877FA5155996}.Release|x64.Build.0 = Release|Any CPU
		{26CF3A71-A981-48D5-8C8F-56BA814B007B}.Debug|Any CPU.ActiveCfg = Debug|Any CPU
		{26CF3A71-A981-48D5-8C8F-56BA814B007B}.Debug|Any CPU.Build.0 = Debug|Any CPU
		{26CF3A71-A981-48D5-8C8F-56BA814B007B}.Debug|x64.ActiveCfg = Debug|Any CPU
		{26CF3A71-A981-48D5-8C8F-56BA814B007B}.Debug|x64.Build.0 = Debug|Any CPU
		{26CF3A71-A981-48D5-8C8F-56BA814B007B}.Release|Any CPU.ActiveCfg = Release|Any CPU
		{26CF3A71-A981-48D5-8C8F-56BA814B007B}.Release|Any CPU.Build.0 = Release|Any CPU
		{26CF3A71-A981-48D5-8C8F-56BA814B007B}.Release|x64.ActiveCfg = Release|Any CPU
		{26CF3A71-A981-48D5-8C8F-56BA814B007B}.Release|x64.Build.0 = Release|Any CPU
		{F9BAC01F-FD07-4B0F-82D5-E5B5C5EEDC62}.Debug|Any CPU.ActiveCfg = Debug|Any CPU
		{F9BAC01F-FD07-4B0F-82D5-E5B5C5EEDC62}.Debug|Any CPU.Build.0 = Debug|Any CPU
		{F9BAC01F-FD07-4B0F-82D5-E5B5C5EEDC62}.Debug|x64.ActiveCfg = Debug|Any CPU
		{F9BAC01F-FD07-4B0F-82D5-E5B5C5EEDC62}.Debug|x64.Build.0 = Debug|Any CPU
		{F9BAC01F-FD07-4B0F-82D5-E5B5C5EEDC62}.Release|Any CPU.ActiveCfg = Release|Any CPU
		{F9BAC01F-FD07-4B0F-82D5-E5B5C5EEDC62}.Release|Any CPU.Build.0 = Release|Any CPU
		{F9BAC01F-FD07-4B0F-82D5-E5B5C5EEDC62}.Release|x64.ActiveCfg = Release|Any CPU
		{F9BAC01F-FD07-4B0F-82D5-E5B5C5EEDC62}.Release|x64.Build.0 = Release|Any CPU
		{36740AAD-9DAC-4A57-8AB1-BD6635F7A194}.Debug|Any CPU.ActiveCfg = Debug|Any CPU
		{36740AAD-9DAC-4A57-8AB1-BD6635F7A194}.Debug|Any CPU.Build.0 = Debug|Any CPU
		{36740AAD-9DAC-4A57-8AB1-BD6635F7A194}.Debug|x64.ActiveCfg = Debug|Any CPU
		{36740AAD-9DAC-4A57-8AB1-BD6635F7A194}.Debug|x64.Build.0 = Debug|Any CPU
		{36740AAD-9DAC-4A57-8AB1-BD6635F7A194}.Release|Any CPU.ActiveCfg = Release|Any CPU
		{36740AAD-9DAC-4A57-8AB1-BD6635F7A194}.Release|Any CPU.Build.0 = Release|Any CPU
		{36740AAD-9DAC-4A57-8AB1-BD6635F7A194}.Release|x64.ActiveCfg = Release|Any CPU
		{36740AAD-9DAC-4A57-8AB1-BD6635F7A194}.Release|x64.Build.0 = Release|Any CPU
		{31CB4B60-9028-4BF1-BF92-9445E4D79CA7}.Debug|Any CPU.ActiveCfg = Debug|Any CPU
		{31CB4B60-9028-4BF1-BF92-9445E4D79CA7}.Debug|Any CPU.Build.0 = Debug|Any CPU
		{31CB4B60-9028-4BF1-BF92-9445E4D79CA7}.Debug|x64.ActiveCfg = Debug|Any CPU
		{31CB4B60-9028-4BF1-BF92-9445E4D79CA7}.Debug|x64.Build.0 = Debug|Any CPU
		{31CB4B60-9028-4BF1-BF92-9445E4D79CA7}.Release|Any CPU.ActiveCfg = Release|Any CPU
		{31CB4B60-9028-4BF1-BF92-9445E4D79CA7}.Release|Any CPU.Build.0 = Release|Any CPU
		{31CB4B60-9028-4BF1-BF92-9445E4D79CA7}.Release|x64.ActiveCfg = Release|Any CPU
		{31CB4B60-9028-4BF1-BF92-9445E4D79CA7}.Release|x64.Build.0 = Release|Any CPU
		{AB87B8AE-ED9E-4EE8-8DFE-75A0934CA969}.Debug|Any CPU.ActiveCfg = Debug|Any CPU
		{AB87B8AE-ED9E-4EE8-8DFE-75A0934CA969}.Debug|Any CPU.Build.0 = Debug|Any CPU
		{AB87B8AE-ED9E-4EE8-8DFE-75A0934CA969}.Debug|x64.ActiveCfg = Debug|Any CPU
		{AB87B8AE-ED9E-4EE8-8DFE-75A0934CA969}.Debug|x64.Build.0 = Debug|Any CPU
		{AB87B8AE-ED9E-4EE8-8DFE-75A0934CA969}.Release|Any CPU.ActiveCfg = Release|Any CPU
		{AB87B8AE-ED9E-4EE8-8DFE-75A0934CA969}.Release|Any CPU.Build.0 = Release|Any CPU
		{AB87B8AE-ED9E-4EE8-8DFE-75A0934CA969}.Release|x64.ActiveCfg = Release|Any CPU
		{AB87B8AE-ED9E-4EE8-8DFE-75A0934CA969}.Release|x64.Build.0 = Release|Any CPU
		{8CD3930D-B539-4F1A-916E-42D5D7196B45}.Debug|Any CPU.ActiveCfg = Debug|Any CPU
		{8CD3930D-B539-4F1A-916E-42D5D7196B45}.Debug|Any CPU.Build.0 = Debug|Any CPU
		{8CD3930D-B539-4F1A-916E-42D5D7196B45}.Debug|x64.ActiveCfg = Debug|Any CPU
		{8CD3930D-B539-4F1A-916E-42D5D7196B45}.Debug|x64.Build.0 = Debug|Any CPU
		{8CD3930D-B539-4F1A-916E-42D5D7196B45}.Release|Any CPU.ActiveCfg = Release|Any CPU
		{8CD3930D-B539-4F1A-916E-42D5D7196B45}.Release|Any CPU.Build.0 = Release|Any CPU
		{8CD3930D-B539-4F1A-916E-42D5D7196B45}.Release|x64.ActiveCfg = Release|Any CPU
		{8CD3930D-B539-4F1A-916E-42D5D7196B45}.Release|x64.Build.0 = Release|Any CPU
		{299705AE-185E-477B-AD17-359AA038163D}.Debug|Any CPU.ActiveCfg = Debug|Any CPU
		{299705AE-185E-477B-AD17-359AA038163D}.Debug|Any CPU.Build.0 = Debug|Any CPU
		{299705AE-185E-477B-AD17-359AA038163D}.Debug|x64.ActiveCfg = Debug|Any CPU
		{299705AE-185E-477B-AD17-359AA038163D}.Debug|x64.Build.0 = Debug|Any CPU
		{299705AE-185E-477B-AD17-359AA038163D}.Release|Any CPU.ActiveCfg = Release|Any CPU
		{299705AE-185E-477B-AD17-359AA038163D}.Release|Any CPU.Build.0 = Release|Any CPU
		{299705AE-185E-477B-AD17-359AA038163D}.Release|x64.ActiveCfg = Release|Any CPU
		{299705AE-185E-477B-AD17-359AA038163D}.Release|x64.Build.0 = Release|Any CPU
		{EFC9B8D0-E4BA-4EC8-9460-10FDD41F3AAE}.Debug|Any CPU.ActiveCfg = Debug|Any CPU
		{EFC9B8D0-E4BA-4EC8-9460-10FDD41F3AAE}.Debug|Any CPU.Build.0 = Debug|Any CPU
		{EFC9B8D0-E4BA-4EC8-9460-10FDD41F3AAE}.Debug|x64.ActiveCfg = Debug|Any CPU
		{EFC9B8D0-E4BA-4EC8-9460-10FDD41F3AAE}.Debug|x64.Build.0 = Debug|Any CPU
		{EFC9B8D0-E4BA-4EC8-9460-10FDD41F3AAE}.Release|Any CPU.ActiveCfg = Release|Any CPU
		{EFC9B8D0-E4BA-4EC8-9460-10FDD41F3AAE}.Release|Any CPU.Build.0 = Release|Any CPU
		{EFC9B8D0-E4BA-4EC8-9460-10FDD41F3AAE}.Release|x64.ActiveCfg = Release|Any CPU
		{EFC9B8D0-E4BA-4EC8-9460-10FDD41F3AAE}.Release|x64.Build.0 = Release|Any CPU
		{897EF12C-0488-491A-B0AB-72A277EF155A}.Debug|Any CPU.ActiveCfg = Debug|Any CPU
		{897EF12C-0488-491A-B0AB-72A277EF155A}.Debug|Any CPU.Build.0 = Debug|Any CPU
		{897EF12C-0488-491A-B0AB-72A277EF155A}.Debug|x64.ActiveCfg = Debug|Any CPU
		{897EF12C-0488-491A-B0AB-72A277EF155A}.Debug|x64.Build.0 = Debug|Any CPU
		{897EF12C-0488-491A-B0AB-72A277EF155A}.Release|Any CPU.ActiveCfg = Release|Any CPU
		{897EF12C-0488-491A-B0AB-72A277EF155A}.Release|Any CPU.Build.0 = Release|Any CPU
		{897EF12C-0488-491A-B0AB-72A277EF155A}.Release|x64.ActiveCfg = Release|Any CPU
		{897EF12C-0488-491A-B0AB-72A277EF155A}.Release|x64.Build.0 = Release|Any CPU
		{DED74332-60E9-4CFB-A621-64F4AB76D07C}.Debug|Any CPU.ActiveCfg = Debug|Any CPU
		{DED74332-60E9-4CFB-A621-64F4AB76D07C}.Debug|Any CPU.Build.0 = Debug|Any CPU
		{DED74332-60E9-4CFB-A621-64F4AB76D07C}.Debug|x64.ActiveCfg = Debug|Any CPU
		{DED74332-60E9-4CFB-A621-64F4AB76D07C}.Debug|x64.Build.0 = Debug|Any CPU
		{DED74332-60E9-4CFB-A621-64F4AB76D07C}.Release|Any CPU.ActiveCfg = Release|Any CPU
		{DED74332-60E9-4CFB-A621-64F4AB76D07C}.Release|Any CPU.Build.0 = Release|Any CPU
		{DED74332-60E9-4CFB-A621-64F4AB76D07C}.Release|x64.ActiveCfg = Release|Any CPU
		{DED74332-60E9-4CFB-A621-64F4AB76D07C}.Release|x64.Build.0 = Release|Any CPU
		{275D2BEE-5B54-4326-A6F7-DAA9D5A96E96}.Debug|Any CPU.ActiveCfg = Debug|Any CPU
		{275D2BEE-5B54-4326-A6F7-DAA9D5A96E96}.Debug|Any CPU.Build.0 = Debug|Any CPU
		{275D2BEE-5B54-4326-A6F7-DAA9D5A96E96}.Debug|x64.ActiveCfg = Debug|Any CPU
		{275D2BEE-5B54-4326-A6F7-DAA9D5A96E96}.Debug|x64.Build.0 = Debug|Any CPU
		{275D2BEE-5B54-4326-A6F7-DAA9D5A96E96}.Release|Any CPU.ActiveCfg = Release|Any CPU
		{275D2BEE-5B54-4326-A6F7-DAA9D5A96E96}.Release|Any CPU.Build.0 = Release|Any CPU
		{275D2BEE-5B54-4326-A6F7-DAA9D5A96E96}.Release|x64.ActiveCfg = Release|Any CPU
		{275D2BEE-5B54-4326-A6F7-DAA9D5A96E96}.Release|x64.Build.0 = Release|Any CPU
		{EDAA8D5A-EDB5-4064-8AFA-6BF37927795B}.Debug|Any CPU.ActiveCfg = Debug|Any CPU
		{EDAA8D5A-EDB5-4064-8AFA-6BF37927795B}.Debug|Any CPU.Build.0 = Debug|Any CPU
		{EDAA8D5A-EDB5-4064-8AFA-6BF37927795B}.Debug|x64.ActiveCfg = Debug|Any CPU
		{EDAA8D5A-EDB5-4064-8AFA-6BF37927795B}.Debug|x64.Build.0 = Debug|Any CPU
		{EDAA8D5A-EDB5-4064-8AFA-6BF37927795B}.Release|Any CPU.ActiveCfg = Release|Any CPU
		{EDAA8D5A-EDB5-4064-8AFA-6BF37927795B}.Release|Any CPU.Build.0 = Release|Any CPU
		{EDAA8D5A-EDB5-4064-8AFA-6BF37927795B}.Release|x64.ActiveCfg = Release|Any CPU
		{EDAA8D5A-EDB5-4064-8AFA-6BF37927795B}.Release|x64.Build.0 = Release|Any CPU
		{7206BC1B-B519-426D-AB74-F8DFB8C6C2AC}.Debug|Any CPU.ActiveCfg = Debug|Any CPU
		{7206BC1B-B519-426D-AB74-F8DFB8C6C2AC}.Debug|Any CPU.Build.0 = Debug|Any CPU
		{7206BC1B-B519-426D-AB74-F8DFB8C6C2AC}.Debug|x64.ActiveCfg = Debug|Any CPU
		{7206BC1B-B519-426D-AB74-F8DFB8C6C2AC}.Debug|x64.Build.0 = Debug|Any CPU
		{7206BC1B-B519-426D-AB74-F8DFB8C6C2AC}.Release|Any CPU.ActiveCfg = Release|Any CPU
		{7206BC1B-B519-426D-AB74-F8DFB8C6C2AC}.Release|Any CPU.Build.0 = Release|Any CPU
		{7206BC1B-B519-426D-AB74-F8DFB8C6C2AC}.Release|x64.ActiveCfg = Release|Any CPU
		{7206BC1B-B519-426D-AB74-F8DFB8C6C2AC}.Release|x64.Build.0 = Release|Any CPU
		{BF60E561-9A0C-4ED5-9174-C95D2FABEAD0}.Debug|Any CPU.ActiveCfg = Debug|Any CPU
		{BF60E561-9A0C-4ED5-9174-C95D2FABEAD0}.Debug|Any CPU.Build.0 = Debug|Any CPU
		{BF60E561-9A0C-4ED5-9174-C95D2FABEAD0}.Debug|x64.ActiveCfg = Debug|Any CPU
		{BF60E561-9A0C-4ED5-9174-C95D2FABEAD0}.Debug|x64.Build.0 = Debug|Any CPU
		{BF60E561-9A0C-4ED5-9174-C95D2FABEAD0}.Release|Any CPU.ActiveCfg = Release|Any CPU
		{BF60E561-9A0C-4ED5-9174-C95D2FABEAD0}.Release|Any CPU.Build.0 = Release|Any CPU
		{BF60E561-9A0C-4ED5-9174-C95D2FABEAD0}.Release|x64.ActiveCfg = Release|Any CPU
		{BF60E561-9A0C-4ED5-9174-C95D2FABEAD0}.Release|x64.Build.0 = Release|Any CPU
		{58D3F2BB-AB3A-4BA1-A9F9-AFC155A20535}.Debug|Any CPU.ActiveCfg = Debug|Any CPU
		{58D3F2BB-AB3A-4BA1-A9F9-AFC155A20535}.Debug|Any CPU.Build.0 = Debug|Any CPU
		{58D3F2BB-AB3A-4BA1-A9F9-AFC155A20535}.Debug|x64.ActiveCfg = Debug|Any CPU
		{58D3F2BB-AB3A-4BA1-A9F9-AFC155A20535}.Debug|x64.Build.0 = Debug|Any CPU
		{58D3F2BB-AB3A-4BA1-A9F9-AFC155A20535}.Release|Any CPU.ActiveCfg = Release|Any CPU
		{58D3F2BB-AB3A-4BA1-A9F9-AFC155A20535}.Release|Any CPU.Build.0 = Release|Any CPU
		{58D3F2BB-AB3A-4BA1-A9F9-AFC155A20535}.Release|x64.ActiveCfg = Release|Any CPU
		{58D3F2BB-AB3A-4BA1-A9F9-AFC155A20535}.Release|x64.Build.0 = Release|Any CPU
		{6B937A02-866B-4965-B635-3D3E6B2F778A}.Debug|Any CPU.ActiveCfg = Debug|Any CPU
		{6B937A02-866B-4965-B635-3D3E6B2F778A}.Debug|Any CPU.Build.0 = Debug|Any CPU
		{6B937A02-866B-4965-B635-3D3E6B2F778A}.Debug|x64.ActiveCfg = Debug|Any CPU
		{6B937A02-866B-4965-B635-3D3E6B2F778A}.Debug|x64.Build.0 = Debug|Any CPU
		{6B937A02-866B-4965-B635-3D3E6B2F778A}.Release|Any CPU.ActiveCfg = Release|Any CPU
		{6B937A02-866B-4965-B635-3D3E6B2F778A}.Release|Any CPU.Build.0 = Release|Any CPU
		{6B937A02-866B-4965-B635-3D3E6B2F778A}.Release|x64.ActiveCfg = Release|Any CPU
		{6B937A02-866B-4965-B635-3D3E6B2F778A}.Release|x64.Build.0 = Release|Any CPU
		{20212AE5-E7A0-4C01-8BF3-AC0E2B525AE9}.Debug|Any CPU.ActiveCfg = Debug|Any CPU
		{20212AE5-E7A0-4C01-8BF3-AC0E2B525AE9}.Debug|Any CPU.Build.0 = Debug|Any CPU
		{20212AE5-E7A0-4C01-8BF3-AC0E2B525AE9}.Debug|x64.ActiveCfg = Debug|x64
		{20212AE5-E7A0-4C01-8BF3-AC0E2B525AE9}.Debug|x64.Build.0 = Debug|x64
		{20212AE5-E7A0-4C01-8BF3-AC0E2B525AE9}.Release|Any CPU.ActiveCfg = Release|Any CPU
		{20212AE5-E7A0-4C01-8BF3-AC0E2B525AE9}.Release|Any CPU.Build.0 = Release|Any CPU
		{20212AE5-E7A0-4C01-8BF3-AC0E2B525AE9}.Release|x64.ActiveCfg = Release|x64
		{20212AE5-E7A0-4C01-8BF3-AC0E2B525AE9}.Release|x64.Build.0 = Release|x64
		{0392D2EB-1F25-4113-B4DF-737810282A4D}.Debug|Any CPU.ActiveCfg = Debug|Any CPU
		{0392D2EB-1F25-4113-B4DF-737810282A4D}.Debug|Any CPU.Build.0 = Debug|Any CPU
		{0392D2EB-1F25-4113-B4DF-737810282A4D}.Debug|x64.ActiveCfg = Debug|Any CPU
		{0392D2EB-1F25-4113-B4DF-737810282A4D}.Debug|x64.Build.0 = Debug|Any CPU
		{0392D2EB-1F25-4113-B4DF-737810282A4D}.Release|Any CPU.ActiveCfg = Release|Any CPU
		{0392D2EB-1F25-4113-B4DF-737810282A4D}.Release|Any CPU.Build.0 = Release|Any CPU
		{0392D2EB-1F25-4113-B4DF-737810282A4D}.Release|x64.ActiveCfg = Release|Any CPU
		{0392D2EB-1F25-4113-B4DF-737810282A4D}.Release|x64.Build.0 = Release|Any CPU
		{3A97E5C2-1A22-4141-A026-2F926321DFC8}.Debug|Any CPU.ActiveCfg = Debug|Any CPU
		{3A97E5C2-1A22-4141-A026-2F926321DFC8}.Debug|Any CPU.Build.0 = Debug|Any CPU
		{3A97E5C2-1A22-4141-A026-2F926321DFC8}.Debug|x64.ActiveCfg = Debug|Any CPU
		{3A97E5C2-1A22-4141-A026-2F926321DFC8}.Debug|x64.Build.0 = Debug|Any CPU
		{3A97E5C2-1A22-4141-A026-2F926321DFC8}.Release|Any CPU.ActiveCfg = Release|Any CPU
		{3A97E5C2-1A22-4141-A026-2F926321DFC8}.Release|Any CPU.Build.0 = Release|Any CPU
		{3A97E5C2-1A22-4141-A026-2F926321DFC8}.Release|x64.ActiveCfg = Release|Any CPU
		{3A97E5C2-1A22-4141-A026-2F926321DFC8}.Release|x64.Build.0 = Release|Any CPU
		{D952F0BD-27F5-4AD4-A936-386EEB9D1AB7}.Debug|Any CPU.ActiveCfg = Debug|Any CPU
		{D952F0BD-27F5-4AD4-A936-386EEB9D1AB7}.Debug|Any CPU.Build.0 = Debug|Any CPU
		{D952F0BD-27F5-4AD4-A936-386EEB9D1AB7}.Debug|x64.ActiveCfg = Debug|Any CPU
		{D952F0BD-27F5-4AD4-A936-386EEB9D1AB7}.Debug|x64.Build.0 = Debug|Any CPU
		{D952F0BD-27F5-4AD4-A936-386EEB9D1AB7}.Release|Any CPU.ActiveCfg = Release|Any CPU
		{D952F0BD-27F5-4AD4-A936-386EEB9D1AB7}.Release|Any CPU.Build.0 = Release|Any CPU
		{D952F0BD-27F5-4AD4-A936-386EEB9D1AB7}.Release|x64.ActiveCfg = Release|Any CPU
		{D952F0BD-27F5-4AD4-A936-386EEB9D1AB7}.Release|x64.Build.0 = Release|Any CPU
		{33A629C4-094B-4018-B1B0-023472CC567D}.Debug|Any CPU.ActiveCfg = Debug|Any CPU
		{33A629C4-094B-4018-B1B0-023472CC567D}.Debug|Any CPU.Build.0 = Debug|Any CPU
		{33A629C4-094B-4018-B1B0-023472CC567D}.Debug|x64.ActiveCfg = Debug|x64
		{33A629C4-094B-4018-B1B0-023472CC567D}.Debug|x64.Build.0 = Debug|x64
		{33A629C4-094B-4018-B1B0-023472CC567D}.Release|Any CPU.ActiveCfg = Release|Any CPU
		{33A629C4-094B-4018-B1B0-023472CC567D}.Release|Any CPU.Build.0 = Release|Any CPU
		{33A629C4-094B-4018-B1B0-023472CC567D}.Release|x64.ActiveCfg = Release|x64
		{33A629C4-094B-4018-B1B0-023472CC567D}.Release|x64.Build.0 = Release|x64
		{EDEA47F1-238E-4BB2-B2B4-44B61A7A8735}.Debug|Any CPU.ActiveCfg = Debug|Any CPU
		{EDEA47F1-238E-4BB2-B2B4-44B61A7A8735}.Debug|Any CPU.Build.0 = Debug|Any CPU
		{EDEA47F1-238E-4BB2-B2B4-44B61A7A8735}.Debug|x64.ActiveCfg = Debug|Any CPU
		{EDEA47F1-238E-4BB2-B2B4-44B61A7A8735}.Debug|x64.Build.0 = Debug|Any CPU
		{EDEA47F1-238E-4BB2-B2B4-44B61A7A8735}.Release|Any CPU.ActiveCfg = Release|Any CPU
		{EDEA47F1-238E-4BB2-B2B4-44B61A7A8735}.Release|Any CPU.Build.0 = Release|Any CPU
		{EDEA47F1-238E-4BB2-B2B4-44B61A7A8735}.Release|x64.ActiveCfg = Release|Any CPU
		{EDEA47F1-238E-4BB2-B2B4-44B61A7A8735}.Release|x64.Build.0 = Release|Any CPU
		{33EF3DD5-2F20-4B57-A191-971EB511DC52}.Debug|Any CPU.ActiveCfg = Debug|Any CPU
		{33EF3DD5-2F20-4B57-A191-971EB511DC52}.Debug|Any CPU.Build.0 = Debug|Any CPU
		{33EF3DD5-2F20-4B57-A191-971EB511DC52}.Debug|x64.ActiveCfg = Debug|Any CPU
		{33EF3DD5-2F20-4B57-A191-971EB511DC52}.Debug|x64.Build.0 = Debug|Any CPU
		{33EF3DD5-2F20-4B57-A191-971EB511DC52}.Release|Any CPU.ActiveCfg = Release|Any CPU
		{33EF3DD5-2F20-4B57-A191-971EB511DC52}.Release|Any CPU.Build.0 = Release|Any CPU
		{33EF3DD5-2F20-4B57-A191-971EB511DC52}.Release|x64.ActiveCfg = Release|Any CPU
		{33EF3DD5-2F20-4B57-A191-971EB511DC52}.Release|x64.Build.0 = Release|Any CPU
		{14031A88-C880-4A56-9253-C5CB73472D69}.Debug|Any CPU.ActiveCfg = Debug|Any CPU
		{14031A88-C880-4A56-9253-C5CB73472D69}.Debug|Any CPU.Build.0 = Debug|Any CPU
		{14031A88-C880-4A56-9253-C5CB73472D69}.Debug|x64.ActiveCfg = Debug|Any CPU
		{14031A88-C880-4A56-9253-C5CB73472D69}.Debug|x64.Build.0 = Debug|Any CPU
		{14031A88-C880-4A56-9253-C5CB73472D69}.Release|Any CPU.ActiveCfg = Release|Any CPU
		{14031A88-C880-4A56-9253-C5CB73472D69}.Release|Any CPU.Build.0 = Release|Any CPU
		{14031A88-C880-4A56-9253-C5CB73472D69}.Release|x64.ActiveCfg = Release|Any CPU
		{14031A88-C880-4A56-9253-C5CB73472D69}.Release|x64.Build.0 = Release|Any CPU
		{D1DC7F5E-A38B-4D70-BBA6-2BD766017955}.Debug|Any CPU.ActiveCfg = Debug|Any CPU
		{D1DC7F5E-A38B-4D70-BBA6-2BD766017955}.Debug|Any CPU.Build.0 = Debug|Any CPU
		{D1DC7F5E-A38B-4D70-BBA6-2BD766017955}.Debug|x64.ActiveCfg = Debug|Any CPU
		{D1DC7F5E-A38B-4D70-BBA6-2BD766017955}.Debug|x64.Build.0 = Debug|Any CPU
		{D1DC7F5E-A38B-4D70-BBA6-2BD766017955}.Release|Any CPU.ActiveCfg = Release|Any CPU
		{D1DC7F5E-A38B-4D70-BBA6-2BD766017955}.Release|Any CPU.Build.0 = Release|Any CPU
		{D1DC7F5E-A38B-4D70-BBA6-2BD766017955}.Release|x64.ActiveCfg = Release|Any CPU
		{D1DC7F5E-A38B-4D70-BBA6-2BD766017955}.Release|x64.Build.0 = Release|Any CPU
		{B206C908-DB5F-40E7-818F-036288DCDA91}.Debug|Any CPU.ActiveCfg = Debug|Any CPU
		{B206C908-DB5F-40E7-818F-036288DCDA91}.Debug|Any CPU.Build.0 = Debug|Any CPU
		{B206C908-DB5F-40E7-818F-036288DCDA91}.Debug|x64.ActiveCfg = Debug|Any CPU
		{B206C908-DB5F-40E7-818F-036288DCDA91}.Debug|x64.Build.0 = Debug|Any CPU
		{B206C908-DB5F-40E7-818F-036288DCDA91}.Release|Any CPU.ActiveCfg = Release|Any CPU
		{B206C908-DB5F-40E7-818F-036288DCDA91}.Release|Any CPU.Build.0 = Release|Any CPU
		{B206C908-DB5F-40E7-818F-036288DCDA91}.Release|x64.ActiveCfg = Release|Any CPU
		{B206C908-DB5F-40E7-818F-036288DCDA91}.Release|x64.Build.0 = Release|Any CPU
		{12703FA5-B22C-4905-8F6A-24B5D9CB68AB}.Debug|Any CPU.ActiveCfg = Debug|Any CPU
		{12703FA5-B22C-4905-8F6A-24B5D9CB68AB}.Debug|Any CPU.Build.0 = Debug|Any CPU
		{12703FA5-B22C-4905-8F6A-24B5D9CB68AB}.Debug|x64.ActiveCfg = Debug|Any CPU
		{12703FA5-B22C-4905-8F6A-24B5D9CB68AB}.Debug|x64.Build.0 = Debug|Any CPU
		{12703FA5-B22C-4905-8F6A-24B5D9CB68AB}.Release|Any CPU.ActiveCfg = Release|Any CPU
		{12703FA5-B22C-4905-8F6A-24B5D9CB68AB}.Release|Any CPU.Build.0 = Release|Any CPU
		{12703FA5-B22C-4905-8F6A-24B5D9CB68AB}.Release|x64.ActiveCfg = Release|Any CPU
		{12703FA5-B22C-4905-8F6A-24B5D9CB68AB}.Release|x64.Build.0 = Release|Any CPU
		{63185927-C5C7-459F-9618-821CD095D499}.Debug|Any CPU.ActiveCfg = Debug|Any CPU
		{63185927-C5C7-459F-9618-821CD095D499}.Debug|Any CPU.Build.0 = Debug|Any CPU
		{63185927-C5C7-459F-9618-821CD095D499}.Debug|x64.ActiveCfg = Debug|Any CPU
		{63185927-C5C7-459F-9618-821CD095D499}.Debug|x64.Build.0 = Debug|Any CPU
		{63185927-C5C7-459F-9618-821CD095D499}.Release|Any CPU.ActiveCfg = Release|Any CPU
		{63185927-C5C7-459F-9618-821CD095D499}.Release|Any CPU.Build.0 = Release|Any CPU
		{63185927-C5C7-459F-9618-821CD095D499}.Release|x64.ActiveCfg = Release|Any CPU
		{63185927-C5C7-459F-9618-821CD095D499}.Release|x64.Build.0 = Release|Any CPU
		{611B7FF0-B96C-4CC1-8257-06F1D6017309}.Debug|Any CPU.ActiveCfg = Debug|Any CPU
		{611B7FF0-B96C-4CC1-8257-06F1D6017309}.Debug|Any CPU.Build.0 = Debug|Any CPU
		{611B7FF0-B96C-4CC1-8257-06F1D6017309}.Debug|x64.ActiveCfg = Debug|Any CPU
		{611B7FF0-B96C-4CC1-8257-06F1D6017309}.Debug|x64.Build.0 = Debug|Any CPU
		{611B7FF0-B96C-4CC1-8257-06F1D6017309}.Release|Any CPU.ActiveCfg = Release|Any CPU
		{611B7FF0-B96C-4CC1-8257-06F1D6017309}.Release|Any CPU.Build.0 = Release|Any CPU
		{611B7FF0-B96C-4CC1-8257-06F1D6017309}.Release|x64.ActiveCfg = Release|Any CPU
		{611B7FF0-B96C-4CC1-8257-06F1D6017309}.Release|x64.Build.0 = Release|Any CPU
		{E7D3F685-5952-45F5-8455-844E730184C0}.Debug|Any CPU.ActiveCfg = Debug|Any CPU
		{E7D3F685-5952-45F5-8455-844E730184C0}.Debug|Any CPU.Build.0 = Debug|Any CPU
		{E7D3F685-5952-45F5-8455-844E730184C0}.Debug|x64.ActiveCfg = Debug|Any CPU
		{E7D3F685-5952-45F5-8455-844E730184C0}.Debug|x64.Build.0 = Debug|Any CPU
		{E7D3F685-5952-45F5-8455-844E730184C0}.Release|Any CPU.ActiveCfg = Release|Any CPU
		{E7D3F685-5952-45F5-8455-844E730184C0}.Release|Any CPU.Build.0 = Release|Any CPU
		{E7D3F685-5952-45F5-8455-844E730184C0}.Release|x64.ActiveCfg = Release|Any CPU
		{E7D3F685-5952-45F5-8455-844E730184C0}.Release|x64.Build.0 = Release|Any CPU
		{111E5FF0-57A8-47F3-904C-D4F2008AE8E9}.Debug|Any CPU.ActiveCfg = Debug|Any CPU
		{111E5FF0-57A8-47F3-904C-D4F2008AE8E9}.Debug|Any CPU.Build.0 = Debug|Any CPU
		{111E5FF0-57A8-47F3-904C-D4F2008AE8E9}.Debug|x64.ActiveCfg = Debug|Any CPU
		{111E5FF0-57A8-47F3-904C-D4F2008AE8E9}.Debug|x64.Build.0 = Debug|Any CPU
		{111E5FF0-57A8-47F3-904C-D4F2008AE8E9}.Release|Any CPU.ActiveCfg = Release|Any CPU
		{111E5FF0-57A8-47F3-904C-D4F2008AE8E9}.Release|Any CPU.Build.0 = Release|Any CPU
		{111E5FF0-57A8-47F3-904C-D4F2008AE8E9}.Release|x64.ActiveCfg = Release|Any CPU
		{111E5FF0-57A8-47F3-904C-D4F2008AE8E9}.Release|x64.Build.0 = Release|Any CPU
		{BF260D6B-E7CA-4084-A900-B7A8B903A3B9}.Debug|Any CPU.ActiveCfg = Debug|Any CPU
		{BF260D6B-E7CA-4084-A900-B7A8B903A3B9}.Debug|Any CPU.Build.0 = Debug|Any CPU
		{BF260D6B-E7CA-4084-A900-B7A8B903A3B9}.Debug|x64.ActiveCfg = Debug|Any CPU
		{BF260D6B-E7CA-4084-A900-B7A8B903A3B9}.Debug|x64.Build.0 = Debug|Any CPU
		{BF260D6B-E7CA-4084-A900-B7A8B903A3B9}.Release|Any CPU.ActiveCfg = Release|Any CPU
		{BF260D6B-E7CA-4084-A900-B7A8B903A3B9}.Release|Any CPU.Build.0 = Release|Any CPU
		{BF260D6B-E7CA-4084-A900-B7A8B903A3B9}.Release|x64.ActiveCfg = Release|Any CPU
		{BF260D6B-E7CA-4084-A900-B7A8B903A3B9}.Release|x64.Build.0 = Release|Any CPU
		{5A1E2A53-4275-4ACD-97AE-C12A44DC84F1}.Debug|Any CPU.ActiveCfg = Debug|Any CPU
		{5A1E2A53-4275-4ACD-97AE-C12A44DC84F1}.Debug|Any CPU.Build.0 = Debug|Any CPU
		{5A1E2A53-4275-4ACD-97AE-C12A44DC84F1}.Debug|x64.ActiveCfg = Debug|Any CPU
		{5A1E2A53-4275-4ACD-97AE-C12A44DC84F1}.Debug|x64.Build.0 = Debug|Any CPU
		{5A1E2A53-4275-4ACD-97AE-C12A44DC84F1}.Release|Any CPU.ActiveCfg = Release|Any CPU
		{5A1E2A53-4275-4ACD-97AE-C12A44DC84F1}.Release|Any CPU.Build.0 = Release|Any CPU
		{5A1E2A53-4275-4ACD-97AE-C12A44DC84F1}.Release|x64.ActiveCfg = Release|Any CPU
		{5A1E2A53-4275-4ACD-97AE-C12A44DC84F1}.Release|x64.Build.0 = Release|Any CPU
		{C0A7777F-DDDB-4DFC-B6D8-2B6467A789E0}.Debug|Any CPU.ActiveCfg = Debug|Any CPU
		{C0A7777F-DDDB-4DFC-B6D8-2B6467A789E0}.Debug|Any CPU.Build.0 = Debug|Any CPU
		{C0A7777F-DDDB-4DFC-B6D8-2B6467A789E0}.Debug|x64.ActiveCfg = Debug|Any CPU
		{C0A7777F-DDDB-4DFC-B6D8-2B6467A789E0}.Debug|x64.Build.0 = Debug|Any CPU
		{C0A7777F-DDDB-4DFC-B6D8-2B6467A789E0}.Release|Any CPU.ActiveCfg = Release|Any CPU
		{C0A7777F-DDDB-4DFC-B6D8-2B6467A789E0}.Release|Any CPU.Build.0 = Release|Any CPU
		{C0A7777F-DDDB-4DFC-B6D8-2B6467A789E0}.Release|x64.ActiveCfg = Release|Any CPU
		{C0A7777F-DDDB-4DFC-B6D8-2B6467A789E0}.Release|x64.Build.0 = Release|Any CPU
		{9E1BEA37-D516-4782-9D8F-F50DE053FB89}.Debug|Any CPU.ActiveCfg = Debug|Any CPU
		{9E1BEA37-D516-4782-9D8F-F50DE053FB89}.Debug|Any CPU.Build.0 = Debug|Any CPU
		{9E1BEA37-D516-4782-9D8F-F50DE053FB89}.Debug|x64.ActiveCfg = Debug|Any CPU
		{9E1BEA37-D516-4782-9D8F-F50DE053FB89}.Debug|x64.Build.0 = Debug|Any CPU
		{9E1BEA37-D516-4782-9D8F-F50DE053FB89}.Release|Any CPU.ActiveCfg = Release|Any CPU
		{9E1BEA37-D516-4782-9D8F-F50DE053FB89}.Release|Any CPU.Build.0 = Release|Any CPU
		{9E1BEA37-D516-4782-9D8F-F50DE053FB89}.Release|x64.ActiveCfg = Release|Any CPU
		{9E1BEA37-D516-4782-9D8F-F50DE053FB89}.Release|x64.Build.0 = Release|Any CPU
		{E133CF8F-B500-4053-853B-33938C25C274}.Debug|Any CPU.ActiveCfg = Debug|Any CPU
		{E133CF8F-B500-4053-853B-33938C25C274}.Debug|Any CPU.Build.0 = Debug|Any CPU
		{E133CF8F-B500-4053-853B-33938C25C274}.Debug|x64.ActiveCfg = Debug|Any CPU
		{E133CF8F-B500-4053-853B-33938C25C274}.Debug|x64.Build.0 = Debug|Any CPU
		{E133CF8F-B500-4053-853B-33938C25C274}.Release|Any CPU.ActiveCfg = Release|Any CPU
		{E133CF8F-B500-4053-853B-33938C25C274}.Release|Any CPU.Build.0 = Release|Any CPU
		{E133CF8F-B500-4053-853B-33938C25C274}.Release|x64.ActiveCfg = Release|Any CPU
		{E133CF8F-B500-4053-853B-33938C25C274}.Release|x64.Build.0 = Release|Any CPU
		{AF01534B-9A70-4CE6-B317-1C41C99DC67A}.Debug|Any CPU.ActiveCfg = Debug|Any CPU
		{AF01534B-9A70-4CE6-B317-1C41C99DC67A}.Debug|Any CPU.Build.0 = Debug|Any CPU
		{AF01534B-9A70-4CE6-B317-1C41C99DC67A}.Debug|x64.ActiveCfg = Debug|Any CPU
		{AF01534B-9A70-4CE6-B317-1C41C99DC67A}.Debug|x64.Build.0 = Debug|Any CPU
		{AF01534B-9A70-4CE6-B317-1C41C99DC67A}.Release|Any CPU.ActiveCfg = Release|Any CPU
		{AF01534B-9A70-4CE6-B317-1C41C99DC67A}.Release|Any CPU.Build.0 = Release|Any CPU
		{AF01534B-9A70-4CE6-B317-1C41C99DC67A}.Release|x64.ActiveCfg = Release|Any CPU
		{AF01534B-9A70-4CE6-B317-1C41C99DC67A}.Release|x64.Build.0 = Release|Any CPU
		{D0C2D773-A534-476D-8A74-17F40A790206}.Debug|Any CPU.ActiveCfg = Debug|Any CPU
		{D0C2D773-A534-476D-8A74-17F40A790206}.Debug|Any CPU.Build.0 = Debug|Any CPU
		{D0C2D773-A534-476D-8A74-17F40A790206}.Debug|x64.ActiveCfg = Debug|Any CPU
		{D0C2D773-A534-476D-8A74-17F40A790206}.Debug|x64.Build.0 = Debug|Any CPU
		{D0C2D773-A534-476D-8A74-17F40A790206}.Release|Any CPU.ActiveCfg = Release|Any CPU
		{D0C2D773-A534-476D-8A74-17F40A790206}.Release|Any CPU.Build.0 = Release|Any CPU
		{D0C2D773-A534-476D-8A74-17F40A790206}.Release|x64.ActiveCfg = Release|Any CPU
		{D0C2D773-A534-476D-8A74-17F40A790206}.Release|x64.Build.0 = Release|Any CPU
		{DB2667CD-C228-4538-9CC5-CED933FCBA6F}.Debug|Any CPU.ActiveCfg = Debug|Any CPU
		{DB2667CD-C228-4538-9CC5-CED933FCBA6F}.Debug|Any CPU.Build.0 = Debug|Any CPU
		{DB2667CD-C228-4538-9CC5-CED933FCBA6F}.Debug|x64.ActiveCfg = Debug|Any CPU
		{DB2667CD-C228-4538-9CC5-CED933FCBA6F}.Debug|x64.Build.0 = Debug|Any CPU
		{DB2667CD-C228-4538-9CC5-CED933FCBA6F}.Release|Any CPU.ActiveCfg = Release|Any CPU
		{DB2667CD-C228-4538-9CC5-CED933FCBA6F}.Release|Any CPU.Build.0 = Release|Any CPU
		{DB2667CD-C228-4538-9CC5-CED933FCBA6F}.Release|x64.ActiveCfg = Release|Any CPU
		{DB2667CD-C228-4538-9CC5-CED933FCBA6F}.Release|x64.Build.0 = Release|Any CPU
		{4D491BA4-2EE1-4D6E-AFDE-17FDCBFED9BF}.Debug|Any CPU.ActiveCfg = Debug|Any CPU
		{4D491BA4-2EE1-4D6E-AFDE-17FDCBFED9BF}.Debug|Any CPU.Build.0 = Debug|Any CPU
		{4D491BA4-2EE1-4D6E-AFDE-17FDCBFED9BF}.Debug|x64.ActiveCfg = Debug|Any CPU
		{4D491BA4-2EE1-4D6E-AFDE-17FDCBFED9BF}.Debug|x64.Build.0 = Debug|Any CPU
		{4D491BA4-2EE1-4D6E-AFDE-17FDCBFED9BF}.Release|Any CPU.ActiveCfg = Release|Any CPU
		{4D491BA4-2EE1-4D6E-AFDE-17FDCBFED9BF}.Release|Any CPU.Build.0 = Release|Any CPU
		{4D491BA4-2EE1-4D6E-AFDE-17FDCBFED9BF}.Release|x64.ActiveCfg = Release|Any CPU
		{4D491BA4-2EE1-4D6E-AFDE-17FDCBFED9BF}.Release|x64.Build.0 = Release|Any CPU
		{C7DCFB99-6754-46B0-A8B7-F3B55E9126A4}.Debug|Any CPU.ActiveCfg = Debug|Any CPU
		{C7DCFB99-6754-46B0-A8B7-F3B55E9126A4}.Debug|Any CPU.Build.0 = Debug|Any CPU
		{C7DCFB99-6754-46B0-A8B7-F3B55E9126A4}.Debug|x64.ActiveCfg = Debug|Any CPU
		{C7DCFB99-6754-46B0-A8B7-F3B55E9126A4}.Debug|x64.Build.0 = Debug|Any CPU
		{C7DCFB99-6754-46B0-A8B7-F3B55E9126A4}.Release|Any CPU.ActiveCfg = Release|Any CPU
		{C7DCFB99-6754-46B0-A8B7-F3B55E9126A4}.Release|Any CPU.Build.0 = Release|Any CPU
		{C7DCFB99-6754-46B0-A8B7-F3B55E9126A4}.Release|x64.ActiveCfg = Release|Any CPU
		{C7DCFB99-6754-46B0-A8B7-F3B55E9126A4}.Release|x64.Build.0 = Release|Any CPU
		{17EF5E2D-70CF-45C9-A9F2-22BB39990FD8}.Debug|Any CPU.ActiveCfg = Debug|Any CPU
		{17EF5E2D-70CF-45C9-A9F2-22BB39990FD8}.Debug|Any CPU.Build.0 = Debug|Any CPU
		{17EF5E2D-70CF-45C9-A9F2-22BB39990FD8}.Debug|x64.ActiveCfg = Debug|Any CPU
		{17EF5E2D-70CF-45C9-A9F2-22BB39990FD8}.Debug|x64.Build.0 = Debug|Any CPU
		{17EF5E2D-70CF-45C9-A9F2-22BB39990FD8}.Release|Any CPU.ActiveCfg = Release|Any CPU
		{17EF5E2D-70CF-45C9-A9F2-22BB39990FD8}.Release|Any CPU.Build.0 = Release|Any CPU
		{17EF5E2D-70CF-45C9-A9F2-22BB39990FD8}.Release|x64.ActiveCfg = Release|Any CPU
		{17EF5E2D-70CF-45C9-A9F2-22BB39990FD8}.Release|x64.Build.0 = Release|Any CPU
		{ED4CBBD6-4818-4E95-8B28-18F5A0D7971B}.Debug|Any CPU.ActiveCfg = Debug|Any CPU
		{ED4CBBD6-4818-4E95-8B28-18F5A0D7971B}.Debug|Any CPU.Build.0 = Debug|Any CPU
		{ED4CBBD6-4818-4E95-8B28-18F5A0D7971B}.Debug|x64.ActiveCfg = Debug|Any CPU
		{ED4CBBD6-4818-4E95-8B28-18F5A0D7971B}.Debug|x64.Build.0 = Debug|Any CPU
		{ED4CBBD6-4818-4E95-8B28-18F5A0D7971B}.Release|Any CPU.ActiveCfg = Release|Any CPU
		{ED4CBBD6-4818-4E95-8B28-18F5A0D7971B}.Release|Any CPU.Build.0 = Release|Any CPU
		{ED4CBBD6-4818-4E95-8B28-18F5A0D7971B}.Release|x64.ActiveCfg = Release|Any CPU
		{ED4CBBD6-4818-4E95-8B28-18F5A0D7971B}.Release|x64.Build.0 = Release|Any CPU
		{CC256B86-C86C-4349-A9D7-708D02C5B845}.Debug|Any CPU.ActiveCfg = Debug|Any CPU
		{CC256B86-C86C-4349-A9D7-708D02C5B845}.Debug|Any CPU.Build.0 = Debug|Any CPU
		{CC256B86-C86C-4349-A9D7-708D02C5B845}.Debug|x64.ActiveCfg = Debug|Any CPU
		{CC256B86-C86C-4349-A9D7-708D02C5B845}.Debug|x64.Build.0 = Debug|Any CPU
		{CC256B86-C86C-4349-A9D7-708D02C5B845}.Release|Any CPU.ActiveCfg = Release|Any CPU
		{CC256B86-C86C-4349-A9D7-708D02C5B845}.Release|Any CPU.Build.0 = Release|Any CPU
		{CC256B86-C86C-4349-A9D7-708D02C5B845}.Release|x64.ActiveCfg = Release|Any CPU
		{CC256B86-C86C-4349-A9D7-708D02C5B845}.Release|x64.Build.0 = Release|Any CPU
		{708B5556-6AC2-4392-87B2-50134F9D614F}.Debug|Any CPU.ActiveCfg = Debug|Any CPU
		{708B5556-6AC2-4392-87B2-50134F9D614F}.Debug|Any CPU.Build.0 = Debug|Any CPU
		{708B5556-6AC2-4392-87B2-50134F9D614F}.Debug|x64.ActiveCfg = Debug|Any CPU
		{708B5556-6AC2-4392-87B2-50134F9D614F}.Debug|x64.Build.0 = Debug|Any CPU
		{708B5556-6AC2-4392-87B2-50134F9D614F}.Release|Any CPU.ActiveCfg = Release|Any CPU
		{708B5556-6AC2-4392-87B2-50134F9D614F}.Release|Any CPU.Build.0 = Release|Any CPU
		{708B5556-6AC2-4392-87B2-50134F9D614F}.Release|x64.ActiveCfg = Release|Any CPU
		{708B5556-6AC2-4392-87B2-50134F9D614F}.Release|x64.Build.0 = Release|Any CPU
		{D5243D44-CADB-417B-AD48-04721C60BB3B}.Debug|Any CPU.ActiveCfg = Debug|Any CPU
		{D5243D44-CADB-417B-AD48-04721C60BB3B}.Debug|Any CPU.Build.0 = Debug|Any CPU
		{D5243D44-CADB-417B-AD48-04721C60BB3B}.Debug|x64.ActiveCfg = Debug|Any CPU
		{D5243D44-CADB-417B-AD48-04721C60BB3B}.Debug|x64.Build.0 = Debug|Any CPU
		{D5243D44-CADB-417B-AD48-04721C60BB3B}.Release|Any CPU.ActiveCfg = Release|Any CPU
		{D5243D44-CADB-417B-AD48-04721C60BB3B}.Release|Any CPU.Build.0 = Release|Any CPU
		{D5243D44-CADB-417B-AD48-04721C60BB3B}.Release|x64.ActiveCfg = Release|Any CPU
		{D5243D44-CADB-417B-AD48-04721C60BB3B}.Release|x64.Build.0 = Release|Any CPU
		{B0731167-CCC6-42E5-BF23-862000497CAB}.Debug|Any CPU.ActiveCfg = Debug|Any CPU
		{B0731167-CCC6-42E5-BF23-862000497CAB}.Debug|Any CPU.Build.0 = Debug|Any CPU
		{B0731167-CCC6-42E5-BF23-862000497CAB}.Debug|x64.ActiveCfg = Debug|Any CPU
		{B0731167-CCC6-42E5-BF23-862000497CAB}.Debug|x64.Build.0 = Debug|Any CPU
		{B0731167-CCC6-42E5-BF23-862000497CAB}.Release|Any CPU.ActiveCfg = Release|Any CPU
		{B0731167-CCC6-42E5-BF23-862000497CAB}.Release|Any CPU.Build.0 = Release|Any CPU
		{B0731167-CCC6-42E5-BF23-862000497CAB}.Release|x64.ActiveCfg = Release|Any CPU
		{B0731167-CCC6-42E5-BF23-862000497CAB}.Release|x64.Build.0 = Release|Any CPU
		{C679DE3A-FA7D-4213-870E-47BF0D5F64C8}.Debug|Any CPU.ActiveCfg = Debug|Any CPU
		{C679DE3A-FA7D-4213-870E-47BF0D5F64C8}.Debug|Any CPU.Build.0 = Debug|Any CPU
		{C679DE3A-FA7D-4213-870E-47BF0D5F64C8}.Debug|x64.ActiveCfg = Debug|Any CPU
		{C679DE3A-FA7D-4213-870E-47BF0D5F64C8}.Debug|x64.Build.0 = Debug|Any CPU
		{C679DE3A-FA7D-4213-870E-47BF0D5F64C8}.Release|Any CPU.ActiveCfg = Release|Any CPU
		{C679DE3A-FA7D-4213-870E-47BF0D5F64C8}.Release|Any CPU.Build.0 = Release|Any CPU
		{C679DE3A-FA7D-4213-870E-47BF0D5F64C8}.Release|x64.ActiveCfg = Release|Any CPU
		{C679DE3A-FA7D-4213-870E-47BF0D5F64C8}.Release|x64.Build.0 = Release|Any CPU
		{28F3AE6C-171C-4400-AA63-A04BD9E3B167}.Debug|Any CPU.ActiveCfg = Debug|Any CPU
		{28F3AE6C-171C-4400-AA63-A04BD9E3B167}.Debug|Any CPU.Build.0 = Debug|Any CPU
		{28F3AE6C-171C-4400-AA63-A04BD9E3B167}.Debug|x64.ActiveCfg = Debug|Any CPU
		{28F3AE6C-171C-4400-AA63-A04BD9E3B167}.Debug|x64.Build.0 = Debug|Any CPU
		{28F3AE6C-171C-4400-AA63-A04BD9E3B167}.Release|Any CPU.ActiveCfg = Release|Any CPU
		{28F3AE6C-171C-4400-AA63-A04BD9E3B167}.Release|Any CPU.Build.0 = Release|Any CPU
		{28F3AE6C-171C-4400-AA63-A04BD9E3B167}.Release|x64.ActiveCfg = Release|Any CPU
		{28F3AE6C-171C-4400-AA63-A04BD9E3B167}.Release|x64.Build.0 = Release|Any CPU
		{E7B1150E-4A47-4F2F-9961-BC40C0869C5E}.Debug|Any CPU.ActiveCfg = Debug|Any CPU
		{E7B1150E-4A47-4F2F-9961-BC40C0869C5E}.Debug|Any CPU.Build.0 = Debug|Any CPU
		{E7B1150E-4A47-4F2F-9961-BC40C0869C5E}.Debug|x64.ActiveCfg = Debug|Any CPU
		{E7B1150E-4A47-4F2F-9961-BC40C0869C5E}.Debug|x64.Build.0 = Debug|Any CPU
		{E7B1150E-4A47-4F2F-9961-BC40C0869C5E}.Release|Any CPU.ActiveCfg = Release|Any CPU
		{E7B1150E-4A47-4F2F-9961-BC40C0869C5E}.Release|Any CPU.Build.0 = Release|Any CPU
		{E7B1150E-4A47-4F2F-9961-BC40C0869C5E}.Release|x64.ActiveCfg = Release|Any CPU
		{E7B1150E-4A47-4F2F-9961-BC40C0869C5E}.Release|x64.Build.0 = Release|Any CPU
		{6D501D28-AC11-4568-99C5-F59D4B3E8745}.Debug|Any CPU.ActiveCfg = Debug|Any CPU
		{6D501D28-AC11-4568-99C5-F59D4B3E8745}.Debug|Any CPU.Build.0 = Debug|Any CPU
		{6D501D28-AC11-4568-99C5-F59D4B3E8745}.Debug|x64.ActiveCfg = Debug|Any CPU
		{6D501D28-AC11-4568-99C5-F59D4B3E8745}.Debug|x64.Build.0 = Debug|Any CPU
		{6D501D28-AC11-4568-99C5-F59D4B3E8745}.Release|Any CPU.ActiveCfg = Release|Any CPU
		{6D501D28-AC11-4568-99C5-F59D4B3E8745}.Release|Any CPU.Build.0 = Release|Any CPU
		{6D501D28-AC11-4568-99C5-F59D4B3E8745}.Release|x64.ActiveCfg = Release|Any CPU
		{6D501D28-AC11-4568-99C5-F59D4B3E8745}.Release|x64.Build.0 = Release|Any CPU
		{132C7099-504A-4F31-ACC0-538FDA5BC56C}.Debug|Any CPU.ActiveCfg = Debug|Any CPU
		{132C7099-504A-4F31-ACC0-538FDA5BC56C}.Debug|Any CPU.Build.0 = Debug|Any CPU
		{132C7099-504A-4F31-ACC0-538FDA5BC56C}.Debug|x64.ActiveCfg = Debug|Any CPU
		{132C7099-504A-4F31-ACC0-538FDA5BC56C}.Debug|x64.Build.0 = Debug|Any CPU
		{132C7099-504A-4F31-ACC0-538FDA5BC56C}.Release|Any CPU.ActiveCfg = Release|Any CPU
		{132C7099-504A-4F31-ACC0-538FDA5BC56C}.Release|Any CPU.Build.0 = Release|Any CPU
		{132C7099-504A-4F31-ACC0-538FDA5BC56C}.Release|x64.ActiveCfg = Release|Any CPU
		{132C7099-504A-4F31-ACC0-538FDA5BC56C}.Release|x64.Build.0 = Release|Any CPU
		{314932BB-D5A0-4F6A-8ACD-79989D73D9F1}.Debug|Any CPU.ActiveCfg = Debug|Any CPU
		{314932BB-D5A0-4F6A-8ACD-79989D73D9F1}.Debug|Any CPU.Build.0 = Debug|Any CPU
		{314932BB-D5A0-4F6A-8ACD-79989D73D9F1}.Debug|x64.ActiveCfg = Debug|Any CPU
		{314932BB-D5A0-4F6A-8ACD-79989D73D9F1}.Debug|x64.Build.0 = Debug|Any CPU
		{314932BB-D5A0-4F6A-8ACD-79989D73D9F1}.Release|Any CPU.ActiveCfg = Release|Any CPU
		{314932BB-D5A0-4F6A-8ACD-79989D73D9F1}.Release|Any CPU.Build.0 = Release|Any CPU
		{314932BB-D5A0-4F6A-8ACD-79989D73D9F1}.Release|x64.ActiveCfg = Release|Any CPU
		{314932BB-D5A0-4F6A-8ACD-79989D73D9F1}.Release|x64.Build.0 = Release|Any CPU
		{66172529-2642-4988-BD9E-75AB37155ACD}.Debug|Any CPU.ActiveCfg = Debug|Any CPU
		{66172529-2642-4988-BD9E-75AB37155ACD}.Debug|Any CPU.Build.0 = Debug|Any CPU
		{66172529-2642-4988-BD9E-75AB37155ACD}.Debug|x64.ActiveCfg = Debug|Any CPU
		{66172529-2642-4988-BD9E-75AB37155ACD}.Debug|x64.Build.0 = Debug|Any CPU
		{66172529-2642-4988-BD9E-75AB37155ACD}.Release|Any CPU.ActiveCfg = Release|Any CPU
		{66172529-2642-4988-BD9E-75AB37155ACD}.Release|Any CPU.Build.0 = Release|Any CPU
		{66172529-2642-4988-BD9E-75AB37155ACD}.Release|x64.ActiveCfg = Release|Any CPU
		{66172529-2642-4988-BD9E-75AB37155ACD}.Release|x64.Build.0 = Release|Any CPU
		{2F2027FF-DD35-44C8-B084-4A4F0ABD4D25}.Debug|Any CPU.ActiveCfg = Debug|Any CPU
		{2F2027FF-DD35-44C8-B084-4A4F0ABD4D25}.Debug|Any CPU.Build.0 = Debug|Any CPU
		{2F2027FF-DD35-44C8-B084-4A4F0ABD4D25}.Debug|x64.ActiveCfg = Debug|Any CPU
		{2F2027FF-DD35-44C8-B084-4A4F0ABD4D25}.Debug|x64.Build.0 = Debug|Any CPU
		{2F2027FF-DD35-44C8-B084-4A4F0ABD4D25}.Release|Any CPU.ActiveCfg = Release|Any CPU
		{2F2027FF-DD35-44C8-B084-4A4F0ABD4D25}.Release|Any CPU.Build.0 = Release|Any CPU
		{2F2027FF-DD35-44C8-B084-4A4F0ABD4D25}.Release|x64.ActiveCfg = Release|Any CPU
		{2F2027FF-DD35-44C8-B084-4A4F0ABD4D25}.Release|x64.Build.0 = Release|Any CPU
		{5A2C45F1-D446-432E-8A64-C1185A9E3A5B}.Debug|Any CPU.ActiveCfg = Debug|Any CPU
		{5A2C45F1-D446-432E-8A64-C1185A9E3A5B}.Debug|Any CPU.Build.0 = Debug|Any CPU
		{5A2C45F1-D446-432E-8A64-C1185A9E3A5B}.Debug|x64.ActiveCfg = Debug|Any CPU
		{5A2C45F1-D446-432E-8A64-C1185A9E3A5B}.Debug|x64.Build.0 = Debug|Any CPU
		{5A2C45F1-D446-432E-8A64-C1185A9E3A5B}.Release|Any CPU.ActiveCfg = Release|Any CPU
		{5A2C45F1-D446-432E-8A64-C1185A9E3A5B}.Release|Any CPU.Build.0 = Release|Any CPU
		{5A2C45F1-D446-432E-8A64-C1185A9E3A5B}.Release|x64.ActiveCfg = Release|Any CPU
		{5A2C45F1-D446-432E-8A64-C1185A9E3A5B}.Release|x64.Build.0 = Release|Any CPU
		{4558C06D-3C39-41EC-AEBE-BC46C3FD3460}.Debug|Any CPU.ActiveCfg = Debug|Any CPU
		{4558C06D-3C39-41EC-AEBE-BC46C3FD3460}.Debug|Any CPU.Build.0 = Debug|Any CPU
		{4558C06D-3C39-41EC-AEBE-BC46C3FD3460}.Debug|x64.ActiveCfg = Debug|Any CPU
		{4558C06D-3C39-41EC-AEBE-BC46C3FD3460}.Debug|x64.Build.0 = Debug|Any CPU
		{4558C06D-3C39-41EC-AEBE-BC46C3FD3460}.Release|Any CPU.ActiveCfg = Release|Any CPU
		{4558C06D-3C39-41EC-AEBE-BC46C3FD3460}.Release|Any CPU.Build.0 = Release|Any CPU
		{4558C06D-3C39-41EC-AEBE-BC46C3FD3460}.Release|x64.ActiveCfg = Release|Any CPU
		{4558C06D-3C39-41EC-AEBE-BC46C3FD3460}.Release|x64.Build.0 = Release|Any CPU
		{18E19F9F-1FA2-4D69-906A-21F12949B9D9}.Debug|Any CPU.ActiveCfg = Debug|Any CPU
		{18E19F9F-1FA2-4D69-906A-21F12949B9D9}.Debug|Any CPU.Build.0 = Debug|Any CPU
		{18E19F9F-1FA2-4D69-906A-21F12949B9D9}.Debug|x64.ActiveCfg = Debug|Any CPU
		{18E19F9F-1FA2-4D69-906A-21F12949B9D9}.Debug|x64.Build.0 = Debug|Any CPU
		{18E19F9F-1FA2-4D69-906A-21F12949B9D9}.Release|Any CPU.ActiveCfg = Release|Any CPU
		{18E19F9F-1FA2-4D69-906A-21F12949B9D9}.Release|Any CPU.Build.0 = Release|Any CPU
		{18E19F9F-1FA2-4D69-906A-21F12949B9D9}.Release|x64.ActiveCfg = Release|Any CPU
		{18E19F9F-1FA2-4D69-906A-21F12949B9D9}.Release|x64.Build.0 = Release|Any CPU
	EndGlobalSection
	GlobalSection(SolutionProperties) = preSolution
		HideSolutionNode = FALSE
	EndGlobalSection
	GlobalSection(ExtensibilityGlobals) = postSolution
		SolutionGuid = {BF13494A-280C-4558-A218-AFB3E42CEFC9}
	EndGlobalSection
EndGlobal
