
Microsoft Visual Studio Solution File, Format Version 12.00
# Visual Studio Version 16
VisualStudioVersion = 16.0.31613.86
MinimumVisualStudioVersion = 10.0.40219.1
Project("{8BC9CEB8-8B4A-11D0-8D11-00A0C91BC942}") = "ConsoleApplication", "ConsoleApplication\ConsoleApplication.vcxproj", "{16E957F8-2CE3-43A2-A548-AF2F67EBD448}"
EndProject
Global
	GlobalSection(SolutionConfigurationPlatforms) = preSolution
		Debug|x64 = Debug|x64
		Debug|x86 = Debug|x86
		Release|x64 = Release|x64
		Release|x86 = Release|x86
	EndGlobalSection
	GlobalSection(ProjectConfigurationPlatforms) = postSolution
		{16E957F8-2CE3-43A2-A548-AF2F67EBD448}.Debug|x64.ActiveCfg = Debug|x64
		{16E957F8-2CE3-43A2-A548-AF2F67EBD448}.Debug|x64.Build.0 = Debug|x64
		{16E957F8-2CE3-43A2-A548-AF2F67EBD448}.Debug|x86.ActiveCfg = Debug|Win32
		{16E957F8-2CE3-43A2-A548-AF2F67EBD448}.Debug|x86.Build.0 = Debug|Win32
		{16E957F8-2CE3-43A2-A548-AF2F67EBD448}.Release|x64.ActiveCfg = Release|x64
		{16E957F8-2CE3-43A2-A548-AF2F67EBD448}.Release|x64.Build.0 = Release|x64
		{16E957F8-2CE3-43A2-A548-AF2F67EBD448}.Release|x86.ActiveCfg = Release|Win32
		{16E957F8-2CE3-43A2-A548-AF2F67EBD448}.Release|x86.Build.0 = Release|Win32
	EndGlobalSection
	GlobalSection(SolutionProperties) = preSolution
		HideSolutionNode = FALSE
	EndGlobalSection
	GlobalSection(ExtensibilityGlobals) = postSolution
		SolutionGuid = {642B7584-DAA8-45C6-A5BC-FFC94009BB57}
	EndGlobalSection
EndGlobal
